// !$*UTF8*$!
{
	archiveVersion = 1;
	classes = {
	};
	objectVersion = 46;
	objects = {

/* Begin PBXBuildFile section */
		DC1A80A3195B21DC0069235F /* ISHPermissionsViewController.h in Headers */ = {isa = PBXBuildFile; fileRef = DC1A80A1195B21DC0069235F /* ISHPermissionsViewController.h */; settings = {ATTRIBUTES = (Public, ); }; };
		DC1A80A4195B21DC0069235F /* ISHPermissionsViewController.m in Sources */ = {isa = PBXBuildFile; fileRef = DC1A80A2195B21DC0069235F /* ISHPermissionsViewController.m */; };
		DC1A80A9195B22A10069235F /* ISHPermissionCategory.h in Headers */ = {isa = PBXBuildFile; fileRef = DC1A80A8195B22A10069235F /* ISHPermissionCategory.h */; settings = {ATTRIBUTES = (Public, ); }; };
		DC1A80AC195B23640069235F /* ISHPermissionRequest.h in Headers */ = {isa = PBXBuildFile; fileRef = DC1A80AA195B23640069235F /* ISHPermissionRequest.h */; settings = {ATTRIBUTES = (Public, ); }; };
		DC1A80AD195B23640069235F /* ISHPermissionRequest.m in Sources */ = {isa = PBXBuildFile; fileRef = DC1A80AB195B23640069235F /* ISHPermissionRequest.m */; };
		DC1A80B0195B2C960069235F /* ISHPermissionRequestViewController.h in Headers */ = {isa = PBXBuildFile; fileRef = DC1A80AE195B2C960069235F /* ISHPermissionRequestViewController.h */; settings = {ATTRIBUTES = (Public, ); }; };
		DC1A80B1195B2C960069235F /* ISHPermissionRequestViewController.m in Sources */ = {isa = PBXBuildFile; fileRef = DC1A80AF195B2C960069235F /* ISHPermissionRequestViewController.m */; };
		DC5E5BAE195D67500092EAFD /* ISHPermissionRequestMicrophone.h in Headers */ = {isa = PBXBuildFile; fileRef = DC5E5BAC195D67500092EAFD /* ISHPermissionRequestMicrophone.h */; };
		DC5E5BAF195D67500092EAFD /* ISHPermissionRequestMicrophone.m in Sources */ = {isa = PBXBuildFile; fileRef = DC5E5BAD195D67500092EAFD /* ISHPermissionRequestMicrophone.m */; };
		DC5E5BB0195D67500092EAFD /* ISHPermissionRequestMicrophone.m in Sources */ = {isa = PBXBuildFile; fileRef = DC5E5BAD195D67500092EAFD /* ISHPermissionRequestMicrophone.m */; };
		DC5E5BB3195D6E890092EAFD /* ISHPermissionRequestPhotoLibrary.h in Headers */ = {isa = PBXBuildFile; fileRef = DC5E5BB1195D6E890092EAFD /* ISHPermissionRequestPhotoLibrary.h */; };
		DC5E5BB4195D6E890092EAFD /* ISHPermissionRequestPhotoLibrary.m in Sources */ = {isa = PBXBuildFile; fileRef = DC5E5BB2195D6E890092EAFD /* ISHPermissionRequestPhotoLibrary.m */; };
		DC5E5BB5195D6E890092EAFD /* ISHPermissionRequestPhotoLibrary.m in Sources */ = {isa = PBXBuildFile; fileRef = DC5E5BB2195D6E890092EAFD /* ISHPermissionRequestPhotoLibrary.m */; };
		DC5E5BB8195D78800092EAFD /* ISHPermissionRequestPhotoCamera.h in Headers */ = {isa = PBXBuildFile; fileRef = DC5E5BB6195D78800092EAFD /* ISHPermissionRequestPhotoCamera.h */; };
		DC5E5BB9195D78800092EAFD /* ISHPermissionRequestPhotoCamera.m in Sources */ = {isa = PBXBuildFile; fileRef = DC5E5BB7195D78800092EAFD /* ISHPermissionRequestPhotoCamera.m */; };
		DC5E5BBA195D78800092EAFD /* ISHPermissionRequestPhotoCamera.m in Sources */ = {isa = PBXBuildFile; fileRef = DC5E5BB7195D78800092EAFD /* ISHPermissionRequestPhotoCamera.m */; };
		DC5E5BC3195DAD750092EAFD /* ISHPermissionRequestNotificationsLocal.h in Headers */ = {isa = PBXBuildFile; fileRef = DC5E5BC1195DAD750092EAFD /* ISHPermissionRequestNotificationsLocal.h */; settings = {ATTRIBUTES = (Public, ); }; };
		DC5E5BC4195DAD750092EAFD /* ISHPermissionRequestNotificationsLocal.m in Sources */ = {isa = PBXBuildFile; fileRef = DC5E5BC2195DAD750092EAFD /* ISHPermissionRequestNotificationsLocal.m */; };
		DC5E5BC5195DAD770092EAFD /* ISHPermissionRequestNotificationsLocal.m in Sources */ = {isa = PBXBuildFile; fileRef = DC5E5BC2195DAD750092EAFD /* ISHPermissionRequestNotificationsLocal.m */; };
		DC5E5BC7195DC1F50092EAFD /* ISHPermissionRequest+Private.h in Headers */ = {isa = PBXBuildFile; fileRef = DC5E5BC6195DC1F30092EAFD /* ISHPermissionRequest+Private.h */; };
		DC6A466019D7125300B11E88 /* ISHPermissionRequestNotificationsLocal.m in Sources */ = {isa = PBXBuildFile; fileRef = DC5E5BC2195DAD750092EAFD /* ISHPermissionRequestNotificationsLocal.m */; };
		DC6A466119D7125300B11E88 /* ISHPermissionRequestAddressBook.m in Sources */ = {isa = PBXBuildFile; fileRef = DC6A8ACC19641549005AC5BD /* ISHPermissionRequestAddressBook.m */; };
		DC6A466219D7125300B11E88 /* ISHPermissionRequestPhotoCamera.m in Sources */ = {isa = PBXBuildFile; fileRef = DC5E5BB7195D78800092EAFD /* ISHPermissionRequestPhotoCamera.m */; };
		DC6A466319D7125300B11E88 /* ISHPermissionRequestLocation.m in Sources */ = {isa = PBXBuildFile; fileRef = DC799EBE195C186100A0CA36 /* ISHPermissionRequestLocation.m */; };
		DC6A466419D7125300B11E88 /* ISHPermissionRequestHealth.m in Sources */ = {isa = PBXBuildFile; fileRef = DCD56C7C1962BB8600508F4A /* ISHPermissionRequestHealth.m */; };
		DC6A466519D7125300B11E88 /* ISHPermissionRequestViewController.m in Sources */ = {isa = PBXBuildFile; fileRef = DC1A80AF195B2C960069235F /* ISHPermissionRequestViewController.m */; };
		DC6A466619D7125300B11E88 /* ISHPermissionRequestPhotoLibrary.m in Sources */ = {isa = PBXBuildFile; fileRef = DC5E5BB2195D6E890092EAFD /* ISHPermissionRequestPhotoLibrary.m */; };
		DC6A466719D7125300B11E88 /* ISHPermissionRequestMotion.m in Sources */ = {isa = PBXBuildFile; fileRef = DCAEF7C0195C5B6B0074EB5B /* ISHPermissionRequestMotion.m */; };
		DC6A466819D7125300B11E88 /* ISHPermissionRequestMicrophone.m in Sources */ = {isa = PBXBuildFile; fileRef = DC5E5BAD195D67500092EAFD /* ISHPermissionRequestMicrophone.m */; };
		DC6A466919D7125300B11E88 /* ISHPermissionsViewController.m in Sources */ = {isa = PBXBuildFile; fileRef = DC1A80A2195B21DC0069235F /* ISHPermissionsViewController.m */; };
		DC6A466A19D7125300B11E88 /* ISHPermissionRequestEventStore.m in Sources */ = {isa = PBXBuildFile; fileRef = DC6A8AD219642793005AC5BD /* ISHPermissionRequestEventStore.m */; };
		DC6A466B19D7125300B11E88 /* ISHPermissionRequest+All.m in Sources */ = {isa = PBXBuildFile; fileRef = DC799EC3195C19CD00A0CA36 /* ISHPermissionRequest+All.m */; };
		DC6A466C19D7125300B11E88 /* ISHPermissionRequestAccount.m in Sources */ = {isa = PBXBuildFile; fileRef = DCD56C771962AEDC00508F4A /* ISHPermissionRequestAccount.m */; };
		DC6A466D19D7125300B11E88 /* ISHPermissionRequest.m in Sources */ = {isa = PBXBuildFile; fileRef = DC1A80AB195B23640069235F /* ISHPermissionRequest.m */; };
		DC6A467019D7125300B11E88 /* ISHPermissionRequestAddressBook.h in Headers */ = {isa = PBXBuildFile; fileRef = DC6A8ACB19641549005AC5BD /* ISHPermissionRequestAddressBook.h */; };
		DC6A467119D7125300B11E88 /* ISHPermissionKit.h in Headers */ = {isa = PBXBuildFile; fileRef = DCC1BFAA195B174200362559 /* ISHPermissionKit.h */; settings = {ATTRIBUTES = (Public, ); }; };
		DC6A467219D7125300B11E88 /* ISHPermissionRequest+All.h in Headers */ = {isa = PBXBuildFile; fileRef = DC799EC2195C19CD00A0CA36 /* ISHPermissionRequest+All.h */; settings = {ATTRIBUTES = (Public, ); }; };
		DC6A467319D7125300B11E88 /* ISHPermissionRequestViewController.h in Headers */ = {isa = PBXBuildFile; fileRef = DC1A80AE195B2C960069235F /* ISHPermissionRequestViewController.h */; settings = {ATTRIBUTES = (Public, ); }; };
		DC6A467419D7125300B11E88 /* ISHPermissionsViewController.h in Headers */ = {isa = PBXBuildFile; fileRef = DC1A80A1195B21DC0069235F /* ISHPermissionsViewController.h */; settings = {ATTRIBUTES = (Public, ); }; };
		DC6A467519D7125300B11E88 /* ISHPermissionCategory.h in Headers */ = {isa = PBXBuildFile; fileRef = DC1A80A8195B22A10069235F /* ISHPermissionCategory.h */; settings = {ATTRIBUTES = (Public, ); }; };
		DC6A467619D7125300B11E88 /* ISHPermissionRequest.h in Headers */ = {isa = PBXBuildFile; fileRef = DC1A80AA195B23640069235F /* ISHPermissionRequest.h */; settings = {ATTRIBUTES = (Public, ); }; };
		DC6A467719D7125300B11E88 /* ISHPermissionRequestAccount.h in Headers */ = {isa = PBXBuildFile; fileRef = DCD56C761962AEDC00508F4A /* ISHPermissionRequestAccount.h */; settings = {ATTRIBUTES = (Public, ); }; };
		DC6A467819D7125300B11E88 /* ISHPermissionRequestHealth.h in Headers */ = {isa = PBXBuildFile; fileRef = DCD56C7B1962BB8600508F4A /* ISHPermissionRequestHealth.h */; settings = {ATTRIBUTES = (Public, ); }; };
		DC6A467919D7125300B11E88 /* ISHPermissionRequestNotificationsLocal.h in Headers */ = {isa = PBXBuildFile; fileRef = DC5E5BC1195DAD750092EAFD /* ISHPermissionRequestNotificationsLocal.h */; settings = {ATTRIBUTES = (Public, ); }; };
		DC6A467A19D7125300B11E88 /* ISHPermissionRequestEventStore.h in Headers */ = {isa = PBXBuildFile; fileRef = DC6A8AD119642793005AC5BD /* ISHPermissionRequestEventStore.h */; };
		DC6A467B19D7125300B11E88 /* ISHPermissionRequestViewController+Private.h in Headers */ = {isa = PBXBuildFile; fileRef = DC799EB3195C0CF300A0CA36 /* ISHPermissionRequestViewController+Private.h */; };
		DC6A467C19D7125300B11E88 /* ISHPermissionRequestViewControllerDelegate.h in Headers */ = {isa = PBXBuildFile; fileRef = DC799EB5195C113900A0CA36 /* ISHPermissionRequestViewControllerDelegate.h */; };
		DC6A467D19D7125300B11E88 /* ISHPermissionRequest+Private.h in Headers */ = {isa = PBXBuildFile; fileRef = DC5E5BC6195DC1F30092EAFD /* ISHPermissionRequest+Private.h */; };
		DC6A467E19D7125300B11E88 /* ISHPermissionRequestLocation.h in Headers */ = {isa = PBXBuildFile; fileRef = DC799EBD195C186100A0CA36 /* ISHPermissionRequestLocation.h */; };
		DC6A467F19D7125300B11E88 /* ISHPermissionRequestMicrophone.h in Headers */ = {isa = PBXBuildFile; fileRef = DC5E5BAC195D67500092EAFD /* ISHPermissionRequestMicrophone.h */; };
		DC6A468019D7125300B11E88 /* ISHPermissionRequestMotion.h in Headers */ = {isa = PBXBuildFile; fileRef = DCAEF7BF195C5B6B0074EB5B /* ISHPermissionRequestMotion.h */; };
		DC6A468119D7125300B11E88 /* ISHPermissionRequestPhotoCamera.h in Headers */ = {isa = PBXBuildFile; fileRef = DC5E5BB6195D78800092EAFD /* ISHPermissionRequestPhotoCamera.h */; };
		DC6A468219D7125300B11E88 /* ISHPermissionRequestPhotoLibrary.h in Headers */ = {isa = PBXBuildFile; fileRef = DC5E5BB1195D6E890092EAFD /* ISHPermissionRequestPhotoLibrary.h */; };
		DC6A468A19D712AC00B11E88 /* ISHPermissionRequestNotificationsLocal.m in Sources */ = {isa = PBXBuildFile; fileRef = DC5E5BC2195DAD750092EAFD /* ISHPermissionRequestNotificationsLocal.m */; };
		DC6A468B19D712AC00B11E88 /* ISHPermissionRequestAddressBook.m in Sources */ = {isa = PBXBuildFile; fileRef = DC6A8ACC19641549005AC5BD /* ISHPermissionRequestAddressBook.m */; };
		DC6A468C19D712AC00B11E88 /* ISHPermissionRequestPhotoCamera.m in Sources */ = {isa = PBXBuildFile; fileRef = DC5E5BB7195D78800092EAFD /* ISHPermissionRequestPhotoCamera.m */; };
		DC6A468D19D712AC00B11E88 /* ISHPermissionRequest+All.m in Sources */ = {isa = PBXBuildFile; fileRef = DC799EC3195C19CD00A0CA36 /* ISHPermissionRequest+All.m */; };
		DC6A468E19D712AC00B11E88 /* ISHPermissionRequestHealth.m in Sources */ = {isa = PBXBuildFile; fileRef = DCD56C7C1962BB8600508F4A /* ISHPermissionRequestHealth.m */; };
		DC6A468F19D712AC00B11E88 /* ISHPermissionRequestMotion.m in Sources */ = {isa = PBXBuildFile; fileRef = DCAEF7C0195C5B6B0074EB5B /* ISHPermissionRequestMotion.m */; };
		DC6A469019D712AC00B11E88 /* ISHPermissionRequestPhotoLibrary.m in Sources */ = {isa = PBXBuildFile; fileRef = DC5E5BB2195D6E890092EAFD /* ISHPermissionRequestPhotoLibrary.m */; };
		DC6A469119D712AC00B11E88 /* ISHPermissionRequestLocation.m in Sources */ = {isa = PBXBuildFile; fileRef = DC799EBE195C186100A0CA36 /* ISHPermissionRequestLocation.m */; };
		DC6A469219D712AC00B11E88 /* ISHPermissionRequestMicrophone.m in Sources */ = {isa = PBXBuildFile; fileRef = DC5E5BAD195D67500092EAFD /* ISHPermissionRequestMicrophone.m */; };
		DC6A469319D712AC00B11E88 /* ISHPermissionsViewController.m in Sources */ = {isa = PBXBuildFile; fileRef = DC1A80A2195B21DC0069235F /* ISHPermissionsViewController.m */; };
		DC6A469419D712AC00B11E88 /* ISHPermissionRequestEventStore.m in Sources */ = {isa = PBXBuildFile; fileRef = DC6A8AD219642793005AC5BD /* ISHPermissionRequestEventStore.m */; };
		DC6A469519D712AC00B11E88 /* ISHPermissionRequestViewController.m in Sources */ = {isa = PBXBuildFile; fileRef = DC1A80AF195B2C960069235F /* ISHPermissionRequestViewController.m */; };
		DC6A469619D712AC00B11E88 /* ISHPermissionRequestAccount.m in Sources */ = {isa = PBXBuildFile; fileRef = DCD56C771962AEDC00508F4A /* ISHPermissionRequestAccount.m */; };
		DC6A469719D712AC00B11E88 /* ISHPermissionRequest.m in Sources */ = {isa = PBXBuildFile; fileRef = DC1A80AB195B23640069235F /* ISHPermissionRequest.m */; };
		DC6A469A19D712AC00B11E88 /* ISHPermissionRequestAddressBook.h in Headers */ = {isa = PBXBuildFile; fileRef = DC6A8ACB19641549005AC5BD /* ISHPermissionRequestAddressBook.h */; };
		DC6A469B19D712AC00B11E88 /* ISHPermissionRequest+All.h in Headers */ = {isa = PBXBuildFile; fileRef = DC799EC2195C19CD00A0CA36 /* ISHPermissionRequest+All.h */; settings = {ATTRIBUTES = (Public, ); }; };
		DC6A469C19D712AC00B11E88 /* ISHPermissionKit.h in Headers */ = {isa = PBXBuildFile; fileRef = DCC1BFAA195B174200362559 /* ISHPermissionKit.h */; settings = {ATTRIBUTES = (Public, ); }; };
		DC6A469D19D712AC00B11E88 /* ISHPermissionsViewController.h in Headers */ = {isa = PBXBuildFile; fileRef = DC1A80A1195B21DC0069235F /* ISHPermissionsViewController.h */; settings = {ATTRIBUTES = (Public, ); }; };
		DC6A469E19D712AC00B11E88 /* ISHPermissionRequestViewController.h in Headers */ = {isa = PBXBuildFile; fileRef = DC1A80AE195B2C960069235F /* ISHPermissionRequestViewController.h */; settings = {ATTRIBUTES = (Public, ); }; };
		DC6A469F19D712AC00B11E88 /* ISHPermissionRequestPhotoLibrary.h in Headers */ = {isa = PBXBuildFile; fileRef = DC5E5BB1195D6E890092EAFD /* ISHPermissionRequestPhotoLibrary.h */; };
		DC6A46A019D712AC00B11E88 /* ISHPermissionRequestMicrophone.h in Headers */ = {isa = PBXBuildFile; fileRef = DC5E5BAC195D67500092EAFD /* ISHPermissionRequestMicrophone.h */; };
		DC6A46A119D712AC00B11E88 /* ISHPermissionRequestAccount.h in Headers */ = {isa = PBXBuildFile; fileRef = DCD56C761962AEDC00508F4A /* ISHPermissionRequestAccount.h */; settings = {ATTRIBUTES = (Public, ); }; };
		DC6A46A219D712AC00B11E88 /* ISHPermissionRequestLocation.h in Headers */ = {isa = PBXBuildFile; fileRef = DC799EBD195C186100A0CA36 /* ISHPermissionRequestLocation.h */; };
		DC6A46A319D712AC00B11E88 /* ISHPermissionRequestMotion.h in Headers */ = {isa = PBXBuildFile; fileRef = DCAEF7BF195C5B6B0074EB5B /* ISHPermissionRequestMotion.h */; };
		DC6A46A419D712AC00B11E88 /* ISHPermissionRequestEventStore.h in Headers */ = {isa = PBXBuildFile; fileRef = DC6A8AD119642793005AC5BD /* ISHPermissionRequestEventStore.h */; };
		DC6A46A519D712AC00B11E88 /* ISHPermissionRequestViewController+Private.h in Headers */ = {isa = PBXBuildFile; fileRef = DC799EB3195C0CF300A0CA36 /* ISHPermissionRequestViewController+Private.h */; };
		DC6A46A619D712AC00B11E88 /* ISHPermissionRequestNotificationsLocal.h in Headers */ = {isa = PBXBuildFile; fileRef = DC5E5BC1195DAD750092EAFD /* ISHPermissionRequestNotificationsLocal.h */; settings = {ATTRIBUTES = (Public, ); }; };
		DC6A46A719D712AC00B11E88 /* ISHPermissionRequest.h in Headers */ = {isa = PBXBuildFile; fileRef = DC1A80AA195B23640069235F /* ISHPermissionRequest.h */; settings = {ATTRIBUTES = (Public, ); }; };
		DC6A46A819D712AC00B11E88 /* ISHPermissionRequest+Private.h in Headers */ = {isa = PBXBuildFile; fileRef = DC5E5BC6195DC1F30092EAFD /* ISHPermissionRequest+Private.h */; };
		DC6A46A919D712AC00B11E88 /* ISHPermissionCategory.h in Headers */ = {isa = PBXBuildFile; fileRef = DC1A80A8195B22A10069235F /* ISHPermissionCategory.h */; settings = {ATTRIBUTES = (Public, ); }; };
		DC6A46AA19D712AC00B11E88 /* ISHPermissionRequestViewControllerDelegate.h in Headers */ = {isa = PBXBuildFile; fileRef = DC799EB5195C113900A0CA36 /* ISHPermissionRequestViewControllerDelegate.h */; };
		DC6A46AB19D712AC00B11E88 /* ISHPermissionRequestPhotoCamera.h in Headers */ = {isa = PBXBuildFile; fileRef = DC5E5BB6195D78800092EAFD /* ISHPermissionRequestPhotoCamera.h */; };
		DC6A46AC19D712AC00B11E88 /* ISHPermissionRequestHealth.h in Headers */ = {isa = PBXBuildFile; fileRef = DCD56C7B1962BB8600508F4A /* ISHPermissionRequestHealth.h */; settings = {ATTRIBUTES = (Public, ); }; };
		DC6A46B519D94E6A00B11E88 /* libISHPermissionKitLib+HealthKit.a in Frameworks */ = {isa = PBXBuildFile; fileRef = DC6A468719D7125300B11E88 /* libISHPermissionKitLib+HealthKit.a */; };
		DC6A8A7D19633180005AC5BD /* ISHPermissionCategory.h in Headers */ = {isa = PBXBuildFile; fileRef = DC1A80A8195B22A10069235F /* ISHPermissionCategory.h */; settings = {ATTRIBUTES = (Public, ); }; };
		DC6A8A7E19633180005AC5BD /* ISHPermissionKit.h in Headers */ = {isa = PBXBuildFile; fileRef = DCC1BFAA195B174200362559 /* ISHPermissionKit.h */; settings = {ATTRIBUTES = (Public, ); }; };
		DC6A8A7F19633180005AC5BD /* ISHPermissionRequestViewController+Private.h in Headers */ = {isa = PBXBuildFile; fileRef = DC799EB3195C0CF300A0CA36 /* ISHPermissionRequestViewController+Private.h */; };
		DC6A8A8019633180005AC5BD /* ISHPermissionRequestViewController.h in Headers */ = {isa = PBXBuildFile; fileRef = DC1A80AE195B2C960069235F /* ISHPermissionRequestViewController.h */; settings = {ATTRIBUTES = (Public, ); }; };
		DC6A8A8119633180005AC5BD /* ISHPermissionRequestViewControllerDelegate.h in Headers */ = {isa = PBXBuildFile; fileRef = DC799EB5195C113900A0CA36 /* ISHPermissionRequestViewControllerDelegate.h */; };
		DC6A8A8219633180005AC5BD /* ISHPermissionsViewController.h in Headers */ = {isa = PBXBuildFile; fileRef = DC1A80A1195B21DC0069235F /* ISHPermissionsViewController.h */; settings = {ATTRIBUTES = (Public, ); }; };
		DC6A8A8319633180005AC5BD /* ISHPermissionRequest.h in Headers */ = {isa = PBXBuildFile; fileRef = DC1A80AA195B23640069235F /* ISHPermissionRequest.h */; settings = {ATTRIBUTES = (Public, ); }; };
		DC6A8A8419633180005AC5BD /* ISHPermissionRequest+All.h in Headers */ = {isa = PBXBuildFile; fileRef = DC799EC2195C19CD00A0CA36 /* ISHPermissionRequest+All.h */; settings = {ATTRIBUTES = (Public, ); }; };
		DC6A8A8519633180005AC5BD /* ISHPermissionRequest+Private.h in Headers */ = {isa = PBXBuildFile; fileRef = DC5E5BC6195DC1F30092EAFD /* ISHPermissionRequest+Private.h */; };
		DC6A8A8619633180005AC5BD /* ISHPermissionRequestAccount.h in Headers */ = {isa = PBXBuildFile; fileRef = DCD56C761962AEDC00508F4A /* ISHPermissionRequestAccount.h */; settings = {ATTRIBUTES = (Public, ); }; };
		DC6A8A8719633180005AC5BD /* ISHPermissionRequestHealth.h in Headers */ = {isa = PBXBuildFile; fileRef = DCD56C7B1962BB8600508F4A /* ISHPermissionRequestHealth.h */; settings = {ATTRIBUTES = (Public, ); }; };
		DC6A8A8819633180005AC5BD /* ISHPermissionRequestLocation.h in Headers */ = {isa = PBXBuildFile; fileRef = DC799EBD195C186100A0CA36 /* ISHPermissionRequestLocation.h */; };
		DC6A8A8919633180005AC5BD /* ISHPermissionRequestMicrophone.h in Headers */ = {isa = PBXBuildFile; fileRef = DC5E5BAC195D67500092EAFD /* ISHPermissionRequestMicrophone.h */; };
		DC6A8A8A19633180005AC5BD /* ISHPermissionRequestMotion.h in Headers */ = {isa = PBXBuildFile; fileRef = DCAEF7BF195C5B6B0074EB5B /* ISHPermissionRequestMotion.h */; };
		DC6A8A8B19633180005AC5BD /* ISHPermissionRequestNotificationsLocal.h in Headers */ = {isa = PBXBuildFile; fileRef = DC5E5BC1195DAD750092EAFD /* ISHPermissionRequestNotificationsLocal.h */; settings = {ATTRIBUTES = (Public, ); }; };
		DC6A8A8C19633180005AC5BD /* ISHPermissionRequestPhotoCamera.h in Headers */ = {isa = PBXBuildFile; fileRef = DC5E5BB6195D78800092EAFD /* ISHPermissionRequestPhotoCamera.h */; };
		DC6A8A8D19633180005AC5BD /* ISHPermissionRequestPhotoLibrary.h in Headers */ = {isa = PBXBuildFile; fileRef = DC5E5BB1195D6E890092EAFD /* ISHPermissionRequestPhotoLibrary.h */; };
		DC6A8ACD19641549005AC5BD /* ISHPermissionRequestAddressBook.h in Headers */ = {isa = PBXBuildFile; fileRef = DC6A8ACB19641549005AC5BD /* ISHPermissionRequestAddressBook.h */; };
		DC6A8ACE19641549005AC5BD /* ISHPermissionRequestAddressBook.h in Headers */ = {isa = PBXBuildFile; fileRef = DC6A8ACB19641549005AC5BD /* ISHPermissionRequestAddressBook.h */; };
		DC6A8ACF19641549005AC5BD /* ISHPermissionRequestAddressBook.m in Sources */ = {isa = PBXBuildFile; fileRef = DC6A8ACC19641549005AC5BD /* ISHPermissionRequestAddressBook.m */; };
		DC6A8AD019641549005AC5BD /* ISHPermissionRequestAddressBook.m in Sources */ = {isa = PBXBuildFile; fileRef = DC6A8ACC19641549005AC5BD /* ISHPermissionRequestAddressBook.m */; };
		DC6A8AD319642793005AC5BD /* ISHPermissionRequestEventStore.h in Headers */ = {isa = PBXBuildFile; fileRef = DC6A8AD119642793005AC5BD /* ISHPermissionRequestEventStore.h */; };
		DC6A8AD419642793005AC5BD /* ISHPermissionRequestEventStore.h in Headers */ = {isa = PBXBuildFile; fileRef = DC6A8AD119642793005AC5BD /* ISHPermissionRequestEventStore.h */; };
		DC6A8AD519642793005AC5BD /* ISHPermissionRequestEventStore.m in Sources */ = {isa = PBXBuildFile; fileRef = DC6A8AD219642793005AC5BD /* ISHPermissionRequestEventStore.m */; };
		DC6A8AD619642793005AC5BD /* ISHPermissionRequestEventStore.m in Sources */ = {isa = PBXBuildFile; fileRef = DC6A8AD219642793005AC5BD /* ISHPermissionRequestEventStore.m */; };
		DC7790B919617CD7007CB2BC /* libISHPermissionKitLib.a in Frameworks */ = {isa = PBXBuildFile; fileRef = DCAEF7CA195C60070074EB5B /* libISHPermissionKitLib.a */; };
		DC799EB4195C0CF300A0CA36 /* ISHPermissionRequestViewController+Private.h in Headers */ = {isa = PBXBuildFile; fileRef = DC799EB3195C0CF300A0CA36 /* ISHPermissionRequestViewController+Private.h */; };
		DC799EB6195C113D00A0CA36 /* ISHPermissionRequestViewControllerDelegate.h in Headers */ = {isa = PBXBuildFile; fileRef = DC799EB5195C113900A0CA36 /* ISHPermissionRequestViewControllerDelegate.h */; };
		DC799EBF195C186100A0CA36 /* ISHPermissionRequestLocation.h in Headers */ = {isa = PBXBuildFile; fileRef = DC799EBD195C186100A0CA36 /* ISHPermissionRequestLocation.h */; };
		DC799EC0195C186100A0CA36 /* ISHPermissionRequestLocation.m in Sources */ = {isa = PBXBuildFile; fileRef = DC799EBE195C186100A0CA36 /* ISHPermissionRequestLocation.m */; };
		DC799EC4195C19CD00A0CA36 /* ISHPermissionRequest+All.h in Headers */ = {isa = PBXBuildFile; fileRef = DC799EC2195C19CD00A0CA36 /* ISHPermissionRequest+All.h */; settings = {ATTRIBUTES = (Public, ); }; };
		DC799EC5195C19CD00A0CA36 /* ISHPermissionRequest+All.m in Sources */ = {isa = PBXBuildFile; fileRef = DC799EC3195C19CD00A0CA36 /* ISHPermissionRequest+All.m */; };
		DCAEF7C1195C5B6B0074EB5B /* ISHPermissionRequestMotion.h in Headers */ = {isa = PBXBuildFile; fileRef = DCAEF7BF195C5B6B0074EB5B /* ISHPermissionRequestMotion.h */; };
		DCAEF7C2195C5B6B0074EB5B /* ISHPermissionRequestMotion.m in Sources */ = {isa = PBXBuildFile; fileRef = DCAEF7C0195C5B6B0074EB5B /* ISHPermissionRequestMotion.m */; };
		DCAEF7E1195C60250074EB5B /* ISHPermissionRequestViewController.m in Sources */ = {isa = PBXBuildFile; fileRef = DC1A80AF195B2C960069235F /* ISHPermissionRequestViewController.m */; };
		DCAEF7E2195C60250074EB5B /* ISHPermissionsViewController.m in Sources */ = {isa = PBXBuildFile; fileRef = DC1A80A2195B21DC0069235F /* ISHPermissionsViewController.m */; };
		DCAEF7E3195C60250074EB5B /* ISHPermissionRequest+All.m in Sources */ = {isa = PBXBuildFile; fileRef = DC799EC3195C19CD00A0CA36 /* ISHPermissionRequest+All.m */; };
		DCAEF7E4195C60250074EB5B /* ISHPermissionRequest.m in Sources */ = {isa = PBXBuildFile; fileRef = DC1A80AB195B23640069235F /* ISHPermissionRequest.m */; };
		DCAEF7E5195C60250074EB5B /* ISHPermissionRequestLocation.m in Sources */ = {isa = PBXBuildFile; fileRef = DC799EBE195C186100A0CA36 /* ISHPermissionRequestLocation.m */; };
		DCAEF7E6195C60250074EB5B /* ISHPermissionRequestMotion.m in Sources */ = {isa = PBXBuildFile; fileRef = DCAEF7C0195C5B6B0074EB5B /* ISHPermissionRequestMotion.m */; };
		DCC1BFAB195B174200362559 /* ISHPermissionKit.h in Headers */ = {isa = PBXBuildFile; fileRef = DCC1BFAA195B174200362559 /* ISHPermissionKit.h */; settings = {ATTRIBUTES = (Public, ); }; };
		DCC1BFB1195B174200362559 /* ISHPermissionKit.framework in Frameworks */ = {isa = PBXBuildFile; fileRef = DCC1BFA5195B174200362559 /* ISHPermissionKit.framework */; };
		DCC1BFB8195B174200362559 /* ISHPermissionKitTests.m in Sources */ = {isa = PBXBuildFile; fileRef = DCC1BFB7195B174200362559 /* ISHPermissionKitTests.m */; };
		DCC1BFCA195B176E00362559 /* main.m in Sources */ = {isa = PBXBuildFile; fileRef = DCC1BFC9195B176E00362559 /* main.m */; };
		DCC1BFCD195B176E00362559 /* AppDelegate.m in Sources */ = {isa = PBXBuildFile; fileRef = DCC1BFCC195B176E00362559 /* AppDelegate.m */; };
		DCC1BFCF195B176E00362559 /* Images.xcassets in Resources */ = {isa = PBXBuildFile; fileRef = DCC1BFCE195B176E00362559 /* Images.xcassets */; };
		DCD56C781962AEDC00508F4A /* ISHPermissionRequestAccount.h in Headers */ = {isa = PBXBuildFile; fileRef = DCD56C761962AEDC00508F4A /* ISHPermissionRequestAccount.h */; settings = {ATTRIBUTES = (Public, ); }; };
		DCD56C791962AEDC00508F4A /* ISHPermissionRequestAccount.m in Sources */ = {isa = PBXBuildFile; fileRef = DCD56C771962AEDC00508F4A /* ISHPermissionRequestAccount.m */; };
		DCD56C7A1962AEDC00508F4A /* ISHPermissionRequestAccount.m in Sources */ = {isa = PBXBuildFile; fileRef = DCD56C771962AEDC00508F4A /* ISHPermissionRequestAccount.m */; };
		DCD56C7D1962BB8600508F4A /* ISHPermissionRequestHealth.h in Headers */ = {isa = PBXBuildFile; fileRef = DCD56C7B1962BB8600508F4A /* ISHPermissionRequestHealth.h */; settings = {ATTRIBUTES = (Public, ); }; };
		DCD56C7E1962BB8600508F4A /* ISHPermissionRequestHealth.m in Sources */ = {isa = PBXBuildFile; fileRef = DCD56C7C1962BB8600508F4A /* ISHPermissionRequestHealth.m */; };
		DCD56C7F1962BB8600508F4A /* ISHPermissionRequestHealth.m in Sources */ = {isa = PBXBuildFile; fileRef = DCD56C7C1962BB8600508F4A /* ISHPermissionRequestHealth.m */; };
		DCF18617195C2B1B00CC155E /* SamplePermissionViewController.m in Sources */ = {isa = PBXBuildFile; fileRef = DCF18615195C2B1B00CC155E /* SamplePermissionViewController.m */; };
		DCF18618195C2B1B00CC155E /* SamplePermissionViewController.xib in Resources */ = {isa = PBXBuildFile; fileRef = DCF18616195C2B1B00CC155E /* SamplePermissionViewController.xib */; };
/* End PBXBuildFile section */

/* Begin PBXContainerItemProxy section */
		1B09129C1963F2BF00D69D3B /* PBXContainerItemProxy */ = {
			isa = PBXContainerItemProxy;
			containerPortal = DCC1BF9C195B174200362559 /* Project object */;
			proxyType = 1;
			remoteGlobalIDString = DCAEF7C9195C60070074EB5B;
			remoteInfo = ISHPermissionKitLib;
		};
		1B09129E1963F2D800D69D3B /* PBXContainerItemProxy */ = {
			isa = PBXContainerItemProxy;
			containerPortal = DCC1BF9C195B174200362559 /* Project object */;
			proxyType = 1;
			remoteGlobalIDString = DCC1BFA4195B174200362559;
			remoteInfo = ISHPermissionKit;
		};
		1B0912A01963F2DF00D69D3B /* PBXContainerItemProxy */ = {
			isa = PBXContainerItemProxy;
			containerPortal = DCC1BF9C195B174200362559 /* Project object */;
			proxyType = 1;
			remoteGlobalIDString = DCAEF7C9195C60070074EB5B;
			remoteInfo = ISHPermissionKitLib;
		};
		1B4CC53E19615DB500ECE149 /* PBXContainerItemProxy */ = {
			isa = PBXContainerItemProxy;
			containerPortal = DCC1BF9C195B174200362559 /* Project object */;
			proxyType = 1;
			remoteGlobalIDString = DCC1BFA4195B174200362559;
			remoteInfo = ISHPermissionKit;
		};
		1B87C1B41961A782001D85E7 /* PBXContainerItemProxy */ = {
			isa = PBXContainerItemProxy;
			containerPortal = DCC1BF9C195B174200362559 /* Project object */;
			proxyType = 1;
			remoteGlobalIDString = DCC1BFA4195B174200362559;
			remoteInfo = ISHPermissionKit;
		};
		1B87C1B61961A782001D85E7 /* PBXContainerItemProxy */ = {
			isa = PBXContainerItemProxy;
			containerPortal = DCC1BF9C195B174200362559 /* Project object */;
			proxyType = 1;
			remoteGlobalIDString = DCC1BFA4195B174200362559;
			remoteInfo = ISHPermissionKit;
		};
		1B87C1B81961A79C001D85E7 /* PBXContainerItemProxy */ = {
			isa = PBXContainerItemProxy;
			containerPortal = DCC1BF9C195B174200362559 /* Project object */;
			proxyType = 1;
			remoteGlobalIDString = DCC1BFA4195B174200362559;
			remoteInfo = ISHPermissionKit;
		};
		DC6A46B319D94E2700B11E88 /* PBXContainerItemProxy */ = {
			isa = PBXContainerItemProxy;
			containerPortal = DCC1BF9C195B174200362559 /* Project object */;
			proxyType = 1;
			remoteGlobalIDString = DC6A465E19D7125300B11E88;
			remoteInfo = "ISHPermissionKitLib+HealthKit";
		};
		DC7790BA19617CD7007CB2BC /* PBXContainerItemProxy */ = {
			isa = PBXContainerItemProxy;
			containerPortal = DCC1BF9C195B174200362559 /* Project object */;
			proxyType = 1;
			remoteGlobalIDString = DCAEF7C9195C60070074EB5B;
			remoteInfo = ISHPermissionKitLib;
		};
		DCC1BFB2195B174200362559 /* PBXContainerItemProxy */ = {
			isa = PBXContainerItemProxy;
			containerPortal = DCC1BF9C195B174200362559 /* Project object */;
			proxyType = 1;
			remoteGlobalIDString = DCC1BFA4195B174200362559;
			remoteInfo = ISHPermissionKit;
		};
/* End PBXContainerItemProxy section */

/* Begin PBXCopyFilesBuildPhase section */
		DC6A468319D7125300B11E88 /* CopyFiles */ = {
			isa = PBXCopyFilesBuildPhase;
			buildActionMask = 2147483647;
			dstPath = "include/$(PRODUCT_NAME)";
			dstSubfolderSpec = 16;
			files = (
			);
			runOnlyForDeploymentPostprocessing = 0;
		};
		DCAEF7C8195C60070074EB5B /* CopyFiles */ = {
			isa = PBXCopyFilesBuildPhase;
			buildActionMask = 2147483647;
			dstPath = "include/$(PRODUCT_NAME)";
			dstSubfolderSpec = 16;
			files = (
			);
			runOnlyForDeploymentPostprocessing = 0;
		};
/* End PBXCopyFilesBuildPhase section */

/* Begin PBXFileReference section */
		1B87C1BA1961AA5D001D85E7 /* LICENSE */ = {isa = PBXFileReference; lastKnownFileType = text; path = LICENSE; sourceTree = "<group>"; };
		1B87C1BB1961AA5D001D85E7 /* README.md */ = {isa = PBXFileReference; lastKnownFileType = net.daringfireball.markdown; path = README.md; sourceTree = "<group>"; };
		DC1A80A1195B21DC0069235F /* ISHPermissionsViewController.h */ = {isa = PBXFileReference; fileEncoding = 4; lastKnownFileType = sourcecode.c.h; path = ISHPermissionsViewController.h; sourceTree = "<group>"; };
		DC1A80A2195B21DC0069235F /* ISHPermissionsViewController.m */ = {isa = PBXFileReference; fileEncoding = 4; lastKnownFileType = sourcecode.c.objc; path = ISHPermissionsViewController.m; sourceTree = "<group>"; };
		DC1A80A8195B22A10069235F /* ISHPermissionCategory.h */ = {isa = PBXFileReference; fileEncoding = 4; lastKnownFileType = sourcecode.c.h; path = ISHPermissionCategory.h; sourceTree = "<group>"; };
		DC1A80AA195B23640069235F /* ISHPermissionRequest.h */ = {isa = PBXFileReference; fileEncoding = 4; lastKnownFileType = sourcecode.c.h; path = ISHPermissionRequest.h; sourceTree = "<group>"; };
		DC1A80AB195B23640069235F /* ISHPermissionRequest.m */ = {isa = PBXFileReference; fileEncoding = 4; lastKnownFileType = sourcecode.c.objc; path = ISHPermissionRequest.m; sourceTree = "<group>"; };
		DC1A80AE195B2C960069235F /* ISHPermissionRequestViewController.h */ = {isa = PBXFileReference; fileEncoding = 4; lastKnownFileType = sourcecode.c.h; path = ISHPermissionRequestViewController.h; sourceTree = "<group>"; };
		DC1A80AF195B2C960069235F /* ISHPermissionRequestViewController.m */ = {isa = PBXFileReference; fileEncoding = 4; lastKnownFileType = sourcecode.c.objc; path = ISHPermissionRequestViewController.m; sourceTree = "<group>"; };
		DC5E5BAC195D67500092EAFD /* ISHPermissionRequestMicrophone.h */ = {isa = PBXFileReference; fileEncoding = 4; lastKnownFileType = sourcecode.c.h; path = ISHPermissionRequestMicrophone.h; sourceTree = "<group>"; };
		DC5E5BAD195D67500092EAFD /* ISHPermissionRequestMicrophone.m */ = {isa = PBXFileReference; fileEncoding = 4; lastKnownFileType = sourcecode.c.objc; path = ISHPermissionRequestMicrophone.m; sourceTree = "<group>"; };
		DC5E5BB1195D6E890092EAFD /* ISHPermissionRequestPhotoLibrary.h */ = {isa = PBXFileReference; fileEncoding = 4; lastKnownFileType = sourcecode.c.h; path = ISHPermissionRequestPhotoLibrary.h; sourceTree = "<group>"; };
		DC5E5BB2195D6E890092EAFD /* ISHPermissionRequestPhotoLibrary.m */ = {isa = PBXFileReference; fileEncoding = 4; lastKnownFileType = sourcecode.c.objc; path = ISHPermissionRequestPhotoLibrary.m; sourceTree = "<group>"; };
		DC5E5BB6195D78800092EAFD /* ISHPermissionRequestPhotoCamera.h */ = {isa = PBXFileReference; fileEncoding = 4; lastKnownFileType = sourcecode.c.h; path = ISHPermissionRequestPhotoCamera.h; sourceTree = "<group>"; };
		DC5E5BB7195D78800092EAFD /* ISHPermissionRequestPhotoCamera.m */ = {isa = PBXFileReference; fileEncoding = 4; lastKnownFileType = sourcecode.c.objc; path = ISHPermissionRequestPhotoCamera.m; sourceTree = "<group>"; };
		DC5E5BC1195DAD750092EAFD /* ISHPermissionRequestNotificationsLocal.h */ = {isa = PBXFileReference; fileEncoding = 4; lastKnownFileType = sourcecode.c.h; path = ISHPermissionRequestNotificationsLocal.h; sourceTree = "<group>"; };
		DC5E5BC2195DAD750092EAFD /* ISHPermissionRequestNotificationsLocal.m */ = {isa = PBXFileReference; fileEncoding = 4; lastKnownFileType = sourcecode.c.objc; path = ISHPermissionRequestNotificationsLocal.m; sourceTree = "<group>"; };
		DC5E5BC6195DC1F30092EAFD /* ISHPermissionRequest+Private.h */ = {isa = PBXFileReference; lastKnownFileType = sourcecode.c.h; path = "ISHPermissionRequest+Private.h"; sourceTree = "<group>"; };
		DC6A468719D7125300B11E88 /* libISHPermissionKitLib+HealthKit.a */ = {isa = PBXFileReference; explicitFileType = archive.ar; includeInIndex = 0; path = "libISHPermissionKitLib+HealthKit.a"; sourceTree = BUILT_PRODUCTS_DIR; };
		DC6A46B119D712AC00B11E88 /* ISHPermissionKit.framework */ = {isa = PBXFileReference; explicitFileType = wrapper.framework; includeInIndex = 0; path = ISHPermissionKit.framework; sourceTree = BUILT_PRODUCTS_DIR; };
		DC6A8ACB19641549005AC5BD /* ISHPermissionRequestAddressBook.h */ = {isa = PBXFileReference; fileEncoding = 4; lastKnownFileType = sourcecode.c.h; path = ISHPermissionRequestAddressBook.h; sourceTree = "<group>"; };
		DC6A8ACC19641549005AC5BD /* ISHPermissionRequestAddressBook.m */ = {isa = PBXFileReference; fileEncoding = 4; lastKnownFileType = sourcecode.c.objc; path = ISHPermissionRequestAddressBook.m; sourceTree = "<group>"; };
		DC6A8AD119642793005AC5BD /* ISHPermissionRequestEventStore.h */ = {isa = PBXFileReference; fileEncoding = 4; lastKnownFileType = sourcecode.c.h; path = ISHPermissionRequestEventStore.h; sourceTree = "<group>"; };
		DC6A8AD219642793005AC5BD /* ISHPermissionRequestEventStore.m */ = {isa = PBXFileReference; fileEncoding = 4; lastKnownFileType = sourcecode.c.objc; path = ISHPermissionRequestEventStore.m; sourceTree = "<group>"; };
		DC7790B319617CD7007CB2BC /* ISHPermissionKitLibTests.xctest */ = {isa = PBXFileReference; explicitFileType = wrapper.cfbundle; includeInIndex = 0; path = ISHPermissionKitLibTests.xctest; sourceTree = BUILT_PRODUCTS_DIR; };
		DC7790B619617CD7007CB2BC /* Info.plist */ = {isa = PBXFileReference; lastKnownFileType = text.plist.xml; path = Info.plist; sourceTree = "<group>"; };
		DC799EB3195C0CF300A0CA36 /* ISHPermissionRequestViewController+Private.h */ = {isa = PBXFileReference; fileEncoding = 4; lastKnownFileType = sourcecode.c.h; path = "ISHPermissionRequestViewController+Private.h"; sourceTree = "<group>"; };
		DC799EB5195C113900A0CA36 /* ISHPermissionRequestViewControllerDelegate.h */ = {isa = PBXFileReference; lastKnownFileType = sourcecode.c.h; path = ISHPermissionRequestViewControllerDelegate.h; sourceTree = "<group>"; };
		DC799EBD195C186100A0CA36 /* ISHPermissionRequestLocation.h */ = {isa = PBXFileReference; fileEncoding = 4; lastKnownFileType = sourcecode.c.h; path = ISHPermissionRequestLocation.h; sourceTree = "<group>"; };
		DC799EBE195C186100A0CA36 /* ISHPermissionRequestLocation.m */ = {isa = PBXFileReference; fileEncoding = 4; lastKnownFileType = sourcecode.c.objc; path = ISHPermissionRequestLocation.m; sourceTree = "<group>"; };
		DC799EC2195C19CD00A0CA36 /* ISHPermissionRequest+All.h */ = {isa = PBXFileReference; fileEncoding = 4; lastKnownFileType = sourcecode.c.h; path = "ISHPermissionRequest+All.h"; sourceTree = "<group>"; };
		DC799EC3195C19CD00A0CA36 /* ISHPermissionRequest+All.m */ = {isa = PBXFileReference; fileEncoding = 4; lastKnownFileType = sourcecode.c.objc; path = "ISHPermissionRequest+All.m"; sourceTree = "<group>"; };
		DCAEF7BF195C5B6B0074EB5B /* ISHPermissionRequestMotion.h */ = {isa = PBXFileReference; fileEncoding = 4; lastKnownFileType = sourcecode.c.h; path = ISHPermissionRequestMotion.h; sourceTree = "<group>"; };
		DCAEF7C0195C5B6B0074EB5B /* ISHPermissionRequestMotion.m */ = {isa = PBXFileReference; fileEncoding = 4; lastKnownFileType = sourcecode.c.objc; path = ISHPermissionRequestMotion.m; sourceTree = "<group>"; };
		DCAEF7CA195C60070074EB5B /* libISHPermissionKitLib.a */ = {isa = PBXFileReference; explicitFileType = archive.ar; includeInIndex = 0; path = libISHPermissionKitLib.a; sourceTree = BUILT_PRODUCTS_DIR; };
		DCC1BFA5195B174200362559 /* ISHPermissionKit.framework */ = {isa = PBXFileReference; explicitFileType = wrapper.framework; includeInIndex = 0; path = ISHPermissionKit.framework; sourceTree = BUILT_PRODUCTS_DIR; };
		DCC1BFA9195B174200362559 /* Info.plist */ = {isa = PBXFileReference; lastKnownFileType = text.plist.xml; path = Info.plist; sourceTree = "<group>"; };
		DCC1BFAA195B174200362559 /* ISHPermissionKit.h */ = {isa = PBXFileReference; lastKnownFileType = sourcecode.c.h; path = ISHPermissionKit.h; sourceTree = "<group>"; };
		DCC1BFB0195B174200362559 /* ISHPermissionKitTests.xctest */ = {isa = PBXFileReference; explicitFileType = wrapper.cfbundle; includeInIndex = 0; path = ISHPermissionKitTests.xctest; sourceTree = BUILT_PRODUCTS_DIR; };
		DCC1BFB6195B174200362559 /* Info.plist */ = {isa = PBXFileReference; lastKnownFileType = text.plist.xml; path = Info.plist; sourceTree = "<group>"; };
		DCC1BFB7195B174200362559 /* ISHPermissionKitTests.m */ = {isa = PBXFileReference; lastKnownFileType = sourcecode.c.objc; path = ISHPermissionKitTests.m; sourceTree = "<group>"; };
		DCC1BFC5195B176E00362559 /* PermissionsTestApp.app */ = {isa = PBXFileReference; explicitFileType = wrapper.application; includeInIndex = 0; path = PermissionsTestApp.app; sourceTree = BUILT_PRODUCTS_DIR; };
		DCC1BFC8195B176E00362559 /* Info.plist */ = {isa = PBXFileReference; lastKnownFileType = text.plist.xml; path = Info.plist; sourceTree = "<group>"; };
		DCC1BFC9195B176E00362559 /* main.m */ = {isa = PBXFileReference; lastKnownFileType = sourcecode.c.objc; path = main.m; sourceTree = "<group>"; };
		DCC1BFCB195B176E00362559 /* AppDelegate.h */ = {isa = PBXFileReference; lastKnownFileType = sourcecode.c.h; path = AppDelegate.h; sourceTree = "<group>"; };
		DCC1BFCC195B176E00362559 /* AppDelegate.m */ = {isa = PBXFileReference; lastKnownFileType = sourcecode.c.objc; path = AppDelegate.m; sourceTree = "<group>"; };
		DCC1BFCE195B176E00362559 /* Images.xcassets */ = {isa = PBXFileReference; lastKnownFileType = folder.assetcatalog; path = Images.xcassets; sourceTree = "<group>"; };
		DCD56C761962AEDC00508F4A /* ISHPermissionRequestAccount.h */ = {isa = PBXFileReference; fileEncoding = 4; lastKnownFileType = sourcecode.c.h; path = ISHPermissionRequestAccount.h; sourceTree = "<group>"; };
		DCD56C771962AEDC00508F4A /* ISHPermissionRequestAccount.m */ = {isa = PBXFileReference; fileEncoding = 4; lastKnownFileType = sourcecode.c.objc; path = ISHPermissionRequestAccount.m; sourceTree = "<group>"; };
		DCD56C7B1962BB8600508F4A /* ISHPermissionRequestHealth.h */ = {isa = PBXFileReference; fileEncoding = 4; lastKnownFileType = sourcecode.c.h; path = ISHPermissionRequestHealth.h; sourceTree = "<group>"; };
		DCD56C7C1962BB8600508F4A /* ISHPermissionRequestHealth.m */ = {isa = PBXFileReference; fileEncoding = 4; lastKnownFileType = sourcecode.c.objc; path = ISHPermissionRequestHealth.m; sourceTree = "<group>"; };
		DCF18614195C2B1B00CC155E /* SamplePermissionViewController.h */ = {isa = PBXFileReference; fileEncoding = 4; lastKnownFileType = sourcecode.c.h; path = SamplePermissionViewController.h; sourceTree = "<group>"; };
		DCF18615195C2B1B00CC155E /* SamplePermissionViewController.m */ = {isa = PBXFileReference; fileEncoding = 4; lastKnownFileType = sourcecode.c.objc; path = SamplePermissionViewController.m; sourceTree = "<group>"; };
		DCF18616195C2B1B00CC155E /* SamplePermissionViewController.xib */ = {isa = PBXFileReference; fileEncoding = 4; lastKnownFileType = file.xib; path = SamplePermissionViewController.xib; sourceTree = "<group>"; };
/* End PBXFileReference section */

/* Begin PBXFrameworksBuildPhase section */
		DC6A466E19D7125300B11E88 /* Frameworks */ = {
			isa = PBXFrameworksBuildPhase;
			buildActionMask = 2147483647;
			files = (
			);
			runOnlyForDeploymentPostprocessing = 0;
		};
		DC6A469819D712AC00B11E88 /* Frameworks */ = {
			isa = PBXFrameworksBuildPhase;
			buildActionMask = 2147483647;
			files = (
			);
			runOnlyForDeploymentPostprocessing = 0;
		};
		DC7790B019617CD7007CB2BC /* Frameworks */ = {
			isa = PBXFrameworksBuildPhase;
			buildActionMask = 2147483647;
			files = (
				DC7790B919617CD7007CB2BC /* libISHPermissionKitLib.a in Frameworks */,
			);
			runOnlyForDeploymentPostprocessing = 0;
		};
		DCAEF7C7195C60070074EB5B /* Frameworks */ = {
			isa = PBXFrameworksBuildPhase;
			buildActionMask = 2147483647;
			files = (
			);
			runOnlyForDeploymentPostprocessing = 0;
		};
		DCC1BFA1195B174200362559 /* Frameworks */ = {
			isa = PBXFrameworksBuildPhase;
			buildActionMask = 2147483647;
			files = (
			);
			runOnlyForDeploymentPostprocessing = 0;
		};
		DCC1BFAD195B174200362559 /* Frameworks */ = {
			isa = PBXFrameworksBuildPhase;
			buildActionMask = 2147483647;
			files = (
				DCC1BFB1195B174200362559 /* ISHPermissionKit.framework in Frameworks */,
			);
			runOnlyForDeploymentPostprocessing = 0;
		};
		DCC1BFC2195B176E00362559 /* Frameworks */ = {
			isa = PBXFrameworksBuildPhase;
			buildActionMask = 2147483647;
			files = (
				DC6A46B519D94E6A00B11E88 /* libISHPermissionKitLib+HealthKit.a in Frameworks */,
			);
			runOnlyForDeploymentPostprocessing = 0;
		};
/* End PBXFrameworksBuildPhase section */

/* Begin PBXGroup section */
		DC7790B419617CD7007CB2BC /* ISHPermissionKitLibTests */ = {
			isa = PBXGroup;
			children = (
				DC7790B519617CD7007CB2BC /* Supporting Files */,
			);
			path = ISHPermissionKitLibTests;
			sourceTree = "<group>";
		};
		DC7790B519617CD7007CB2BC /* Supporting Files */ = {
			isa = PBXGroup;
			children = (
				DC7790B619617CD7007CB2BC /* Info.plist */,
			);
			name = "Supporting Files";
			sourceTree = "<group>";
		};
		DC799EC1195C187700A0CA36 /* Requests */ = {
			isa = PBXGroup;
			children = (
				DC1A80AA195B23640069235F /* ISHPermissionRequest.h */,
				DC1A80AB195B23640069235F /* ISHPermissionRequest.m */,
				DC799EC2195C19CD00A0CA36 /* ISHPermissionRequest+All.h */,
				DC799EC3195C19CD00A0CA36 /* ISHPermissionRequest+All.m */,
				DC5E5BC6195DC1F30092EAFD /* ISHPermissionRequest+Private.h */,
				DCD56C761962AEDC00508F4A /* ISHPermissionRequestAccount.h */,
				DCD56C771962AEDC00508F4A /* ISHPermissionRequestAccount.m */,
				DC6A8ACB19641549005AC5BD /* ISHPermissionRequestAddressBook.h */,
				DC6A8ACC19641549005AC5BD /* ISHPermissionRequestAddressBook.m */,
				DC6A8AD119642793005AC5BD /* ISHPermissionRequestEventStore.h */,
				DC6A8AD219642793005AC5BD /* ISHPermissionRequestEventStore.m */,
				DCD56C7B1962BB8600508F4A /* ISHPermissionRequestHealth.h */,
				DCD56C7C1962BB8600508F4A /* ISHPermissionRequestHealth.m */,
				DC799EBD195C186100A0CA36 /* ISHPermissionRequestLocation.h */,
				DC799EBE195C186100A0CA36 /* ISHPermissionRequestLocation.m */,
				DC5E5BAC195D67500092EAFD /* ISHPermissionRequestMicrophone.h */,
				DC5E5BAD195D67500092EAFD /* ISHPermissionRequestMicrophone.m */,
				DCAEF7BF195C5B6B0074EB5B /* ISHPermissionRequestMotion.h */,
				DCAEF7C0195C5B6B0074EB5B /* ISHPermissionRequestMotion.m */,
				DC5E5BC1195DAD750092EAFD /* ISHPermissionRequestNotificationsLocal.h */,
				DC5E5BC2195DAD750092EAFD /* ISHPermissionRequestNotificationsLocal.m */,
				DC5E5BB6195D78800092EAFD /* ISHPermissionRequestPhotoCamera.h */,
				DC5E5BB7195D78800092EAFD /* ISHPermissionRequestPhotoCamera.m */,
				DC5E5BB1195D6E890092EAFD /* ISHPermissionRequestPhotoLibrary.h */,
				DC5E5BB2195D6E890092EAFD /* ISHPermissionRequestPhotoLibrary.m */,
			);
			path = Requests;
			sourceTree = "<group>";
		};
		DCC1BF9B195B174200362559 = {
			isa = PBXGroup;
			children = (
				1B87C1BA1961AA5D001D85E7 /* LICENSE */,
				1B87C1BB1961AA5D001D85E7 /* README.md */,
				DCC1BFA7195B174200362559 /* ISHPermissionKit */,
				DCC1BFB4195B174200362559 /* ISHPermissionKitTests */,
				DCC1BFC6195B176E00362559 /* PermissionsTestApp */,
				DC7790B419617CD7007CB2BC /* ISHPermissionKitLibTests */,
				DCC1BFA6195B174200362559 /* Products */,
			);
			sourceTree = "<group>";
		};
		DCC1BFA6195B174200362559 /* Products */ = {
			isa = PBXGroup;
			children = (
				DCC1BFA5195B174200362559 /* ISHPermissionKit.framework */,
				DCC1BFB0195B174200362559 /* ISHPermissionKitTests.xctest */,
				DCC1BFC5195B176E00362559 /* PermissionsTestApp.app */,
				DCAEF7CA195C60070074EB5B /* libISHPermissionKitLib.a */,
				DC7790B319617CD7007CB2BC /* ISHPermissionKitLibTests.xctest */,
				DC6A468719D7125300B11E88 /* libISHPermissionKitLib+HealthKit.a */,
				DC6A46B119D712AC00B11E88 /* ISHPermissionKit.framework */,
			);
			name = Products;
			sourceTree = "<group>";
		};
		DCC1BFA7195B174200362559 /* ISHPermissionKit */ = {
			isa = PBXGroup;
			children = (
				DC1A80A8195B22A10069235F /* ISHPermissionCategory.h */,
				DCC1BFAA195B174200362559 /* ISHPermissionKit.h */,
				DC799EB3195C0CF300A0CA36 /* ISHPermissionRequestViewController+Private.h */,
				DC1A80AE195B2C960069235F /* ISHPermissionRequestViewController.h */,
				DC1A80AF195B2C960069235F /* ISHPermissionRequestViewController.m */,
				DC799EB5195C113900A0CA36 /* ISHPermissionRequestViewControllerDelegate.h */,
				DC1A80A1195B21DC0069235F /* ISHPermissionsViewController.h */,
				DC1A80A2195B21DC0069235F /* ISHPermissionsViewController.m */,
				DC799EC1195C187700A0CA36 /* Requests */,
				DCC1BFA8195B174200362559 /* Supporting Files */,
			);
			path = ISHPermissionKit;
			sourceTree = "<group>";
		};
		DCC1BFA8195B174200362559 /* Supporting Files */ = {
			isa = PBXGroup;
			children = (
				DCC1BFA9195B174200362559 /* Info.plist */,
			);
			name = "Supporting Files";
			sourceTree = "<group>";
		};
		DCC1BFB4195B174200362559 /* ISHPermissionKitTests */ = {
			isa = PBXGroup;
			children = (
				DCC1BFB7195B174200362559 /* ISHPermissionKitTests.m */,
				DCC1BFB5195B174200362559 /* Supporting Files */,
			);
			path = ISHPermissionKitTests;
			sourceTree = "<group>";
		};
		DCC1BFB5195B174200362559 /* Supporting Files */ = {
			isa = PBXGroup;
			children = (
				DCC1BFB6195B174200362559 /* Info.plist */,
			);
			name = "Supporting Files";
			sourceTree = "<group>";
		};
		DCC1BFC6195B176E00362559 /* PermissionsTestApp */ = {
			isa = PBXGroup;
			children = (
				DCC1BFCB195B176E00362559 /* AppDelegate.h */,
				DCC1BFCC195B176E00362559 /* AppDelegate.m */,
				DCC1BFCE195B176E00362559 /* Images.xcassets */,
				DCC1BFC7195B176E00362559 /* Supporting Files */,
				DCF18614195C2B1B00CC155E /* SamplePermissionViewController.h */,
				DCF18615195C2B1B00CC155E /* SamplePermissionViewController.m */,
				DCF18616195C2B1B00CC155E /* SamplePermissionViewController.xib */,
			);
			path = PermissionsTestApp;
			sourceTree = "<group>";
		};
		DCC1BFC7195B176E00362559 /* Supporting Files */ = {
			isa = PBXGroup;
			children = (
				DCC1BFC8195B176E00362559 /* Info.plist */,
				DCC1BFC9195B176E00362559 /* main.m */,
			);
			name = "Supporting Files";
			sourceTree = "<group>";
		};
/* End PBXGroup section */

/* Begin PBXHeadersBuildPhase section */
		DC6A466F19D7125300B11E88 /* Headers */ = {
			isa = PBXHeadersBuildPhase;
			buildActionMask = 2147483647;
			files = (
				DC6A467019D7125300B11E88 /* ISHPermissionRequestAddressBook.h in Headers */,
				DC6A467119D7125300B11E88 /* ISHPermissionKit.h in Headers */,
				DC6A467219D7125300B11E88 /* ISHPermissionRequest+All.h in Headers */,
				DC6A467319D7125300B11E88 /* ISHPermissionRequestViewController.h in Headers */,
				DC6A467419D7125300B11E88 /* ISHPermissionsViewController.h in Headers */,
				DC6A467519D7125300B11E88 /* ISHPermissionCategory.h in Headers */,
				DC6A467619D7125300B11E88 /* ISHPermissionRequest.h in Headers */,
				DC6A467719D7125300B11E88 /* ISHPermissionRequestAccount.h in Headers */,
				DC6A467819D7125300B11E88 /* ISHPermissionRequestHealth.h in Headers */,
				DC6A467919D7125300B11E88 /* ISHPermissionRequestNotificationsLocal.h in Headers */,
				DC6A467A19D7125300B11E88 /* ISHPermissionRequestEventStore.h in Headers */,
				DC6A467B19D7125300B11E88 /* ISHPermissionRequestViewController+Private.h in Headers */,
				DC6A467C19D7125300B11E88 /* ISHPermissionRequestViewControllerDelegate.h in Headers */,
				DC6A467D19D7125300B11E88 /* ISHPermissionRequest+Private.h in Headers */,
				DC6A467E19D7125300B11E88 /* ISHPermissionRequestLocation.h in Headers */,
				DC6A467F19D7125300B11E88 /* ISHPermissionRequestMicrophone.h in Headers */,
				DC6A468019D7125300B11E88 /* ISHPermissionRequestMotion.h in Headers */,
				DC6A468119D7125300B11E88 /* ISHPermissionRequestPhotoCamera.h in Headers */,
				DC6A468219D7125300B11E88 /* ISHPermissionRequestPhotoLibrary.h in Headers */,
			);
			runOnlyForDeploymentPostprocessing = 0;
		};
		DC6A469919D712AC00B11E88 /* Headers */ = {
			isa = PBXHeadersBuildPhase;
			buildActionMask = 2147483647;
			files = (
				DC6A469A19D712AC00B11E88 /* ISHPermissionRequestAddressBook.h in Headers */,
				DC6A469B19D712AC00B11E88 /* ISHPermissionRequest+All.h in Headers */,
				DC6A469C19D712AC00B11E88 /* ISHPermissionKit.h in Headers */,
				DC6A469D19D712AC00B11E88 /* ISHPermissionsViewController.h in Headers */,
				DC6A469E19D712AC00B11E88 /* ISHPermissionRequestViewController.h in Headers */,
				DC6A469F19D712AC00B11E88 /* ISHPermissionRequestPhotoLibrary.h in Headers */,
				DC6A46A019D712AC00B11E88 /* ISHPermissionRequestMicrophone.h in Headers */,
				DC6A46A119D712AC00B11E88 /* ISHPermissionRequestAccount.h in Headers */,
				DC6A46A219D712AC00B11E88 /* ISHPermissionRequestLocation.h in Headers */,
				DC6A46A319D712AC00B11E88 /* ISHPermissionRequestMotion.h in Headers */,
				DC6A46A419D712AC00B11E88 /* ISHPermissionRequestEventStore.h in Headers */,
				DC6A46A519D712AC00B11E88 /* ISHPermissionRequestViewController+Private.h in Headers */,
				DC6A46A619D712AC00B11E88 /* ISHPermissionRequestNotificationsLocal.h in Headers */,
				DC6A46A719D712AC00B11E88 /* ISHPermissionRequest.h in Headers */,
				DC6A46A819D712AC00B11E88 /* ISHPermissionRequest+Private.h in Headers */,
				DC6A46A919D712AC00B11E88 /* ISHPermissionCategory.h in Headers */,
				DC6A46AA19D712AC00B11E88 /* ISHPermissionRequestViewControllerDelegate.h in Headers */,
				DC6A46AB19D712AC00B11E88 /* ISHPermissionRequestPhotoCamera.h in Headers */,
				DC6A46AC19D712AC00B11E88 /* ISHPermissionRequestHealth.h in Headers */,
			);
			runOnlyForDeploymentPostprocessing = 0;
		};
		DC6A8A7C19633164005AC5BD /* Headers */ = {
			isa = PBXHeadersBuildPhase;
			buildActionMask = 2147483647;
			files = (
				DC6A8ACE19641549005AC5BD /* ISHPermissionRequestAddressBook.h in Headers */,
				DC6A8A7E19633180005AC5BD /* ISHPermissionKit.h in Headers */,
				DC6A8A8419633180005AC5BD /* ISHPermissionRequest+All.h in Headers */,
				DC6A8A8019633180005AC5BD /* ISHPermissionRequestViewController.h in Headers */,
				DC6A8A8219633180005AC5BD /* ISHPermissionsViewController.h in Headers */,
				DC6A8A7D19633180005AC5BD /* ISHPermissionCategory.h in Headers */,
				DC6A8A8319633180005AC5BD /* ISHPermissionRequest.h in Headers */,
				DC6A8A8619633180005AC5BD /* ISHPermissionRequestAccount.h in Headers */,
				DC6A8A8719633180005AC5BD /* ISHPermissionRequestHealth.h in Headers */,
				DC6A8A8B19633180005AC5BD /* ISHPermissionRequestNotificationsLocal.h in Headers */,
				DC6A8AD419642793005AC5BD /* ISHPermissionRequestEventStore.h in Headers */,
				DC6A8A7F19633180005AC5BD /* ISHPermissionRequestViewController+Private.h in Headers */,
				DC6A8A8119633180005AC5BD /* ISHPermissionRequestViewControllerDelegate.h in Headers */,
				DC6A8A8519633180005AC5BD /* ISHPermissionRequest+Private.h in Headers */,
				DC6A8A8819633180005AC5BD /* ISHPermissionRequestLocation.h in Headers */,
				DC6A8A8919633180005AC5BD /* ISHPermissionRequestMicrophone.h in Headers */,
				DC6A8A8A19633180005AC5BD /* ISHPermissionRequestMotion.h in Headers */,
				DC6A8A8C19633180005AC5BD /* ISHPermissionRequestPhotoCamera.h in Headers */,
				DC6A8A8D19633180005AC5BD /* ISHPermissionRequestPhotoLibrary.h in Headers */,
			);
			runOnlyForDeploymentPostprocessing = 0;
		};
		DCC1BFA2195B174200362559 /* Headers */ = {
			isa = PBXHeadersBuildPhase;
			buildActionMask = 2147483647;
			files = (
				DC6A8ACD19641549005AC5BD /* ISHPermissionRequestAddressBook.h in Headers */,
				DC799EC4195C19CD00A0CA36 /* ISHPermissionRequest+All.h in Headers */,
				DCC1BFAB195B174200362559 /* ISHPermissionKit.h in Headers */,
				DC1A80A3195B21DC0069235F /* ISHPermissionsViewController.h in Headers */,
				DC1A80B0195B2C960069235F /* ISHPermissionRequestViewController.h in Headers */,
				DC5E5BB3195D6E890092EAFD /* ISHPermissionRequestPhotoLibrary.h in Headers */,
				DC5E5BAE195D67500092EAFD /* ISHPermissionRequestMicrophone.h in Headers */,
				DCD56C781962AEDC00508F4A /* ISHPermissionRequestAccount.h in Headers */,
				DC799EBF195C186100A0CA36 /* ISHPermissionRequestLocation.h in Headers */,
				DCAEF7C1195C5B6B0074EB5B /* ISHPermissionRequestMotion.h in Headers */,
				DC6A8AD319642793005AC5BD /* ISHPermissionRequestEventStore.h in Headers */,
				DC799EB4195C0CF300A0CA36 /* ISHPermissionRequestViewController+Private.h in Headers */,
				DC5E5BC3195DAD750092EAFD /* ISHPermissionRequestNotificationsLocal.h in Headers */,
				DC1A80AC195B23640069235F /* ISHPermissionRequest.h in Headers */,
				DC5E5BC7195DC1F50092EAFD /* ISHPermissionRequest+Private.h in Headers */,
				DC1A80A9195B22A10069235F /* ISHPermissionCategory.h in Headers */,
				DC799EB6195C113D00A0CA36 /* ISHPermissionRequestViewControllerDelegate.h in Headers */,
				DC5E5BB8195D78800092EAFD /* ISHPermissionRequestPhotoCamera.h in Headers */,
				DCD56C7D1962BB8600508F4A /* ISHPermissionRequestHealth.h in Headers */,
			);
			runOnlyForDeploymentPostprocessing = 0;
		};
/* End PBXHeadersBuildPhase section */

/* Begin PBXNativeTarget section */
		DC6A465E19D7125300B11E88 /* ISHPermissionKitLib+HealthKit */ = {
			isa = PBXNativeTarget;
			buildConfigurationList = DC6A468419D7125300B11E88 /* Build configuration list for PBXNativeTarget "ISHPermissionKitLib+HealthKit" */;
			buildPhases = (
				DC6A465F19D7125300B11E88 /* Sources */,
				DC6A466E19D7125300B11E88 /* Frameworks */,
				DC6A466F19D7125300B11E88 /* Headers */,
				DC6A468319D7125300B11E88 /* CopyFiles */,
			);
			buildRules = (
			);
			dependencies = (
			);
			name = "ISHPermissionKitLib+HealthKit";
			productName = ISHPermissionKitLib;
			productReference = DC6A468719D7125300B11E88 /* libISHPermissionKitLib+HealthKit.a */;
			productType = "com.apple.product-type.library.static";
		};
		DC6A468819D712AC00B11E88 /* ISHPermissionKit+HealthKit */ = {
			isa = PBXNativeTarget;
			buildConfigurationList = DC6A46AE19D712AC00B11E88 /* Build configuration list for PBXNativeTarget "ISHPermissionKit+HealthKit" */;
			buildPhases = (
				DC6A468919D712AC00B11E88 /* Sources */,
				DC6A469819D712AC00B11E88 /* Frameworks */,
				DC6A469919D712AC00B11E88 /* Headers */,
				DC6A46AD19D712AC00B11E88 /* Resources */,
			);
			buildRules = (
			);
			dependencies = (
			);
			name = "ISHPermissionKit+HealthKit";
			productName = ISHPermissionKit;
			productReference = DC6A46B119D712AC00B11E88 /* ISHPermissionKit.framework */;
			productType = "com.apple.product-type.framework";
		};
		DC7790B219617CD7007CB2BC /* ISHPermissionKitLibTests */ = {
			isa = PBXNativeTarget;
			buildConfigurationList = DC7790BE19617CD7007CB2BC /* Build configuration list for PBXNativeTarget "ISHPermissionKitLibTests" */;
			buildPhases = (
				DC7790AF19617CD7007CB2BC /* Sources */,
				DC7790B019617CD7007CB2BC /* Frameworks */,
				DC7790B119617CD7007CB2BC /* Resources */,
			);
			buildRules = (
			);
			dependencies = (
				DC7790BB19617CD7007CB2BC /* PBXTargetDependency */,
				1B09129D1963F2BF00D69D3B /* PBXTargetDependency */,
				1B0912A11963F2DF00D69D3B /* PBXTargetDependency */,
			);
			name = ISHPermissionKitLibTests;
			productName = ISHPermissionKitLibTests;
			productReference = DC7790B319617CD7007CB2BC /* ISHPermissionKitLibTests.xctest */;
			productType = "com.apple.product-type.bundle.unit-test";
		};
		DCAEF7C9195C60070074EB5B /* ISHPermissionKitLib */ = {
			isa = PBXNativeTarget;
			buildConfigurationList = DCAEF7DB195C60070074EB5B /* Build configuration list for PBXNativeTarget "ISHPermissionKitLib" */;
			buildPhases = (
				DCAEF7C6195C60070074EB5B /* Sources */,
				DCAEF7C7195C60070074EB5B /* Frameworks */,
				DC6A8A7C19633164005AC5BD /* Headers */,
				DCAEF7C8195C60070074EB5B /* CopyFiles */,
			);
			buildRules = (
			);
			dependencies = (
			);
			name = ISHPermissionKitLib;
			productName = ISHPermissionKitLib;
			productReference = DCAEF7CA195C60070074EB5B /* libISHPermissionKitLib.a */;
			productType = "com.apple.product-type.library.static";
		};
		DCC1BFA4195B174200362559 /* ISHPermissionKit */ = {
			isa = PBXNativeTarget;
			buildConfigurationList = DCC1BFBB195B174200362559 /* Build configuration list for PBXNativeTarget "ISHPermissionKit" */;
			buildPhases = (
				DCC1BFA0195B174200362559 /* Sources */,
				DCC1BFA1195B174200362559 /* Frameworks */,
				DCC1BFA2195B174200362559 /* Headers */,
				DCC1BFA3195B174200362559 /* Resources */,
			);
			buildRules = (
			);
			dependencies = (
			);
			name = ISHPermissionKit;
			productName = ISHPermissionKit;
			productReference = DCC1BFA5195B174200362559 /* ISHPermissionKit.framework */;
			productType = "com.apple.product-type.framework";
		};
		DCC1BFAF195B174200362559 /* ISHPermissionKitTests */ = {
			isa = PBXNativeTarget;
			buildConfigurationList = DCC1BFBE195B174200362559 /* Build configuration list for PBXNativeTarget "ISHPermissionKitTests" */;
			buildPhases = (
				DCC1BFAC195B174200362559 /* Sources */,
				DCC1BFAD195B174200362559 /* Frameworks */,
				DCC1BFAE195B174200362559 /* Resources */,
			);
			buildRules = (
			);
			dependencies = (
				DCC1BFB3195B174200362559 /* PBXTargetDependency */,
				1B4CC53F19615DB500ECE149 /* PBXTargetDependency */,
				1B87C1B51961A782001D85E7 /* PBXTargetDependency */,
				1B87C1B71961A782001D85E7 /* PBXTargetDependency */,
				1B87C1B91961A79C001D85E7 /* PBXTargetDependency */,
				1B09129F1963F2D800D69D3B /* PBXTargetDependency */,
			);
			name = ISHPermissionKitTests;
			productName = ISHPermissionKitTests;
			productReference = DCC1BFB0195B174200362559 /* ISHPermissionKitTests.xctest */;
			productType = "com.apple.product-type.bundle.unit-test";
		};
		DCC1BFC4195B176E00362559 /* PermissionsTestApp */ = {
			isa = PBXNativeTarget;
			buildConfigurationList = DCC1BFDC195B176E00362559 /* Build configuration list for PBXNativeTarget "PermissionsTestApp" */;
			buildPhases = (
				DCC1BFC1195B176E00362559 /* Sources */,
				DCC1BFC2195B176E00362559 /* Frameworks */,
				DCC1BFC3195B176E00362559 /* Resources */,
			);
			buildRules = (
			);
			dependencies = (
				DC6A46B419D94E2700B11E88 /* PBXTargetDependency */,
			);
			name = PermissionsTestApp;
			productName = PermissionsTestApp;
			productReference = DCC1BFC5195B176E00362559 /* PermissionsTestApp.app */;
			productType = "com.apple.product-type.application";
		};
/* End PBXNativeTarget section */

/* Begin PBXProject section */
		DCC1BF9C195B174200362559 /* Project object */ = {
			isa = PBXProject;
			attributes = {
				LastUpgradeCheck = 0600;
				ORGANIZATIONNAME = "iosphere GmbH";
				TargetAttributes = {
					DC7790B219617CD7007CB2BC = {
						CreatedOnToolsVersion = 6.0;
						TestTargetID = DCAEF7C9195C60070074EB5B;
					};
					DCAEF7C9195C60070074EB5B = {
						CreatedOnToolsVersion = 6.0;
					};
					DCC1BFA4195B174200362559 = {
						CreatedOnToolsVersion = 6.0;
					};
					DCC1BFAF195B174200362559 = {
						CreatedOnToolsVersion = 6.0;
						TestTargetID = DCC1BFA4195B174200362559;
					};
					DCC1BFC4195B176E00362559 = {
						CreatedOnToolsVersion = 6.0;
					};
				};
			};
			buildConfigurationList = DCC1BF9F195B174200362559 /* Build configuration list for PBXProject "ISHPermissionKit" */;
			compatibilityVersion = "Xcode 3.2";
			developmentRegion = English;
			hasScannedForEncodings = 0;
			knownRegions = (
				en,
			);
			mainGroup = DCC1BF9B195B174200362559;
			productRefGroup = DCC1BFA6195B174200362559 /* Products */;
			projectDirPath = "";
			projectRoot = "";
			targets = (
				DCC1BFA4195B174200362559 /* ISHPermissionKit */,
				DCC1BFAF195B174200362559 /* ISHPermissionKitTests */,
				DCC1BFC4195B176E00362559 /* PermissionsTestApp */,
				DCAEF7C9195C60070074EB5B /* ISHPermissionKitLib */,
				DC7790B219617CD7007CB2BC /* ISHPermissionKitLibTests */,
				DC6A465E19D7125300B11E88 /* ISHPermissionKitLib+HealthKit */,
				DC6A468819D712AC00B11E88 /* ISHPermissionKit+HealthKit */,
			);
		};
/* End PBXProject section */

/* Begin PBXResourcesBuildPhase section */
		DC6A46AD19D712AC00B11E88 /* Resources */ = {
			isa = PBXResourcesBuildPhase;
			buildActionMask = 2147483647;
			files = (
			);
			runOnlyForDeploymentPostprocessing = 0;
		};
		DC7790B119617CD7007CB2BC /* Resources */ = {
			isa = PBXResourcesBuildPhase;
			buildActionMask = 2147483647;
			files = (
			);
			runOnlyForDeploymentPostprocessing = 0;
		};
		DCC1BFA3195B174200362559 /* Resources */ = {
			isa = PBXResourcesBuildPhase;
			buildActionMask = 2147483647;
			files = (
			);
			runOnlyForDeploymentPostprocessing = 0;
		};
		DCC1BFAE195B174200362559 /* Resources */ = {
			isa = PBXResourcesBuildPhase;
			buildActionMask = 2147483647;
			files = (
			);
			runOnlyForDeploymentPostprocessing = 0;
		};
		DCC1BFC3195B176E00362559 /* Resources */ = {
			isa = PBXResourcesBuildPhase;
			buildActionMask = 2147483647;
			files = (
				DCF18618195C2B1B00CC155E /* SamplePermissionViewController.xib in Resources */,
				DCC1BFCF195B176E00362559 /* Images.xcassets in Resources */,
			);
			runOnlyForDeploymentPostprocessing = 0;
		};
/* End PBXResourcesBuildPhase section */

/* Begin PBXSourcesBuildPhase section */
		DC6A465F19D7125300B11E88 /* Sources */ = {
			isa = PBXSourcesBuildPhase;
			buildActionMask = 2147483647;
			files = (
				DC6A466019D7125300B11E88 /* ISHPermissionRequestNotificationsLocal.m in Sources */,
				DC6A466119D7125300B11E88 /* ISHPermissionRequestAddressBook.m in Sources */,
				DC6A466219D7125300B11E88 /* ISHPermissionRequestPhotoCamera.m in Sources */,
				DC6A466319D7125300B11E88 /* ISHPermissionRequestLocation.m in Sources */,
				DC6A466419D7125300B11E88 /* ISHPermissionRequestHealth.m in Sources */,
				DC6A466519D7125300B11E88 /* ISHPermissionRequestViewController.m in Sources */,
				DC6A466619D7125300B11E88 /* ISHPermissionRequestPhotoLibrary.m in Sources */,
				DC6A466719D7125300B11E88 /* ISHPermissionRequestMotion.m in Sources */,
				DC6A466819D7125300B11E88 /* ISHPermissionRequestMicrophone.m in Sources */,
				DC6A466919D7125300B11E88 /* ISHPermissionsViewController.m in Sources */,
				DC6A466A19D7125300B11E88 /* ISHPermissionRequestEventStore.m in Sources */,
				DC6A466B19D7125300B11E88 /* ISHPermissionRequest+All.m in Sources */,
				DC6A466C19D7125300B11E88 /* ISHPermissionRequestAccount.m in Sources */,
				DC6A466D19D7125300B11E88 /* ISHPermissionRequest.m in Sources */,
			);
			runOnlyForDeploymentPostprocessing = 0;
		};
		DC6A468919D712AC00B11E88 /* Sources */ = {
			isa = PBXSourcesBuildPhase;
			buildActionMask = 2147483647;
			files = (
				DC6A468A19D712AC00B11E88 /* ISHPermissionRequestNotificationsLocal.m in Sources */,
				DC6A468B19D712AC00B11E88 /* ISHPermissionRequestAddressBook.m in Sources */,
				DC6A468C19D712AC00B11E88 /* ISHPermissionRequestPhotoCamera.m in Sources */,
				DC6A468D19D712AC00B11E88 /* ISHPermissionRequest+All.m in Sources */,
				DC6A468E19D712AC00B11E88 /* ISHPermissionRequestHealth.m in Sources */,
				DC6A468F19D712AC00B11E88 /* ISHPermissionRequestMotion.m in Sources */,
				DC6A469019D712AC00B11E88 /* ISHPermissionRequestPhotoLibrary.m in Sources */,
				DC6A469119D712AC00B11E88 /* ISHPermissionRequestLocation.m in Sources */,
				DC6A469219D712AC00B11E88 /* ISHPermissionRequestMicrophone.m in Sources */,
				DC6A469319D712AC00B11E88 /* ISHPermissionsViewController.m in Sources */,
				DC6A469419D712AC00B11E88 /* ISHPermissionRequestEventStore.m in Sources */,
				DC6A469519D712AC00B11E88 /* ISHPermissionRequestViewController.m in Sources */,
				DC6A469619D712AC00B11E88 /* ISHPermissionRequestAccount.m in Sources */,
				DC6A469719D712AC00B11E88 /* ISHPermissionRequest.m in Sources */,
			);
			runOnlyForDeploymentPostprocessing = 0;
		};
		DC7790AF19617CD7007CB2BC /* Sources */ = {
			isa = PBXSourcesBuildPhase;
			buildActionMask = 2147483647;
			files = (
			);
			runOnlyForDeploymentPostprocessing = 0;
		};
		DCAEF7C6195C60070074EB5B /* Sources */ = {
			isa = PBXSourcesBuildPhase;
			buildActionMask = 2147483647;
			files = (
				DC5E5BC5195DAD770092EAFD /* ISHPermissionRequestNotificationsLocal.m in Sources */,
				DC6A8AD019641549005AC5BD /* ISHPermissionRequestAddressBook.m in Sources */,
				DC5E5BBA195D78800092EAFD /* ISHPermissionRequestPhotoCamera.m in Sources */,
				DCAEF7E5195C60250074EB5B /* ISHPermissionRequestLocation.m in Sources */,
				DCD56C7F1962BB8600508F4A /* ISHPermissionRequestHealth.m in Sources */,
				DCAEF7E1195C60250074EB5B /* ISHPermissionRequestViewController.m in Sources */,
				DC5E5BB5195D6E890092EAFD /* ISHPermissionRequestPhotoLibrary.m in Sources */,
				DCAEF7E6195C60250074EB5B /* ISHPermissionRequestMotion.m in Sources */,
				DC5E5BB0195D67500092EAFD /* ISHPermissionRequestMicrophone.m in Sources */,
				DCAEF7E2195C60250074EB5B /* ISHPermissionsViewController.m in Sources */,
				DC6A8AD619642793005AC5BD /* ISHPermissionRequestEventStore.m in Sources */,
				DCAEF7E3195C60250074EB5B /* ISHPermissionRequest+All.m in Sources */,
				DCD56C7A1962AEDC00508F4A /* ISHPermissionRequestAccount.m in Sources */,
				DCAEF7E4195C60250074EB5B /* ISHPermissionRequest.m in Sources */,
			);
			runOnlyForDeploymentPostprocessing = 0;
		};
		DCC1BFA0195B174200362559 /* Sources */ = {
			isa = PBXSourcesBuildPhase;
			buildActionMask = 2147483647;
			files = (
				DC5E5BC4195DAD750092EAFD /* ISHPermissionRequestNotificationsLocal.m in Sources */,
				DC6A8ACF19641549005AC5BD /* ISHPermissionRequestAddressBook.m in Sources */,
				DC5E5BB9195D78800092EAFD /* ISHPermissionRequestPhotoCamera.m in Sources */,
				DC799EC5195C19CD00A0CA36 /* ISHPermissionRequest+All.m in Sources */,
				DCD56C7E1962BB8600508F4A /* ISHPermissionRequestHealth.m in Sources */,
				DCAEF7C2195C5B6B0074EB5B /* ISHPermissionRequestMotion.m in Sources */,
				DC5E5BB4195D6E890092EAFD /* ISHPermissionRequestPhotoLibrary.m in Sources */,
				DC799EC0195C186100A0CA36 /* ISHPermissionRequestLocation.m in Sources */,
				DC5E5BAF195D67500092EAFD /* ISHPermissionRequestMicrophone.m in Sources */,
				DC1A80A4195B21DC0069235F /* ISHPermissionsViewController.m in Sources */,
				DC6A8AD519642793005AC5BD /* ISHPermissionRequestEventStore.m in Sources */,
				DC1A80B1195B2C960069235F /* ISHPermissionRequestViewController.m in Sources */,
				DCD56C791962AEDC00508F4A /* ISHPermissionRequestAccount.m in Sources */,
				DC1A80AD195B23640069235F /* ISHPermissionRequest.m in Sources */,
			);
			runOnlyForDeploymentPostprocessing = 0;
		};
		DCC1BFAC195B174200362559 /* Sources */ = {
			isa = PBXSourcesBuildPhase;
			buildActionMask = 2147483647;
			files = (
				DCC1BFB8195B174200362559 /* ISHPermissionKitTests.m in Sources */,
			);
			runOnlyForDeploymentPostprocessing = 0;
		};
		DCC1BFC1195B176E00362559 /* Sources */ = {
			isa = PBXSourcesBuildPhase;
			buildActionMask = 2147483647;
			files = (
				DCC1BFCD195B176E00362559 /* AppDelegate.m in Sources */,
				DCF18617195C2B1B00CC155E /* SamplePermissionViewController.m in Sources */,
				DCC1BFCA195B176E00362559 /* main.m in Sources */,
			);
			runOnlyForDeploymentPostprocessing = 0;
		};
/* End PBXSourcesBuildPhase section */

/* Begin PBXTargetDependency section */
		1B09129D1963F2BF00D69D3B /* PBXTargetDependency */ = {
			isa = PBXTargetDependency;
			target = DCAEF7C9195C60070074EB5B /* ISHPermissionKitLib */;
			targetProxy = 1B09129C1963F2BF00D69D3B /* PBXContainerItemProxy */;
		};
		1B09129F1963F2D800D69D3B /* PBXTargetDependency */ = {
			isa = PBXTargetDependency;
			target = DCC1BFA4195B174200362559 /* ISHPermissionKit */;
			targetProxy = 1B09129E1963F2D800D69D3B /* PBXContainerItemProxy */;
		};
		1B0912A11963F2DF00D69D3B /* PBXTargetDependency */ = {
			isa = PBXTargetDependency;
			target = DCAEF7C9195C60070074EB5B /* ISHPermissionKitLib */;
			targetProxy = 1B0912A01963F2DF00D69D3B /* PBXContainerItemProxy */;
		};
		1B4CC53F19615DB500ECE149 /* PBXTargetDependency */ = {
			isa = PBXTargetDependency;
			target = DCC1BFA4195B174200362559 /* ISHPermissionKit */;
			targetProxy = 1B4CC53E19615DB500ECE149 /* PBXContainerItemProxy */;
		};
		1B87C1B51961A782001D85E7 /* PBXTargetDependency */ = {
			isa = PBXTargetDependency;
			target = DCC1BFA4195B174200362559 /* ISHPermissionKit */;
			targetProxy = 1B87C1B41961A782001D85E7 /* PBXContainerItemProxy */;
		};
		1B87C1B71961A782001D85E7 /* PBXTargetDependency */ = {
			isa = PBXTargetDependency;
			target = DCC1BFA4195B174200362559 /* ISHPermissionKit */;
			targetProxy = 1B87C1B61961A782001D85E7 /* PBXContainerItemProxy */;
		};
		1B87C1B91961A79C001D85E7 /* PBXTargetDependency */ = {
			isa = PBXTargetDependency;
			target = DCC1BFA4195B174200362559 /* ISHPermissionKit */;
			targetProxy = 1B87C1B81961A79C001D85E7 /* PBXContainerItemProxy */;
		};
		DC6A46B419D94E2700B11E88 /* PBXTargetDependency */ = {
			isa = PBXTargetDependency;
			target = DC6A465E19D7125300B11E88 /* ISHPermissionKitLib+HealthKit */;
			targetProxy = DC6A46B319D94E2700B11E88 /* PBXContainerItemProxy */;
		};
		DC7790BB19617CD7007CB2BC /* PBXTargetDependency */ = {
			isa = PBXTargetDependency;
			target = DCAEF7C9195C60070074EB5B /* ISHPermissionKitLib */;
			targetProxy = DC7790BA19617CD7007CB2BC /* PBXContainerItemProxy */;
		};
		DCC1BFB3195B174200362559 /* PBXTargetDependency */ = {
			isa = PBXTargetDependency;
			target = DCC1BFA4195B174200362559 /* ISHPermissionKit */;
			targetProxy = DCC1BFB2195B174200362559 /* PBXContainerItemProxy */;
		};
/* End PBXTargetDependency section */

/* Begin XCBuildConfiguration section */
		DC6A468519D7125300B11E88 /* Debug */ = {
			isa = XCBuildConfiguration;
			buildSettings = {
				CURRENT_PROJECT_VERSION = "${ISH_BUNDLE_VERSION_SHORT}";
				DYLIB_COMPATIBILITY_VERSION = "${ISH_BUNDLE_VERSION_SHORT}";
				DYLIB_CURRENT_VERSION = "${ISH_BUNDLE_VERSION_SHORT}";
				FRAMEWORK_VERSION = "${ISH_BUNDLE_VERSION_SHORT}";
				GCC_PREPROCESSOR_DEFINITIONS = (
					"$(inherited)",
					ISHPermissionRequestHealthKitEnabled,
				);
				METAL_ENABLE_DEBUG_INFO = YES;
				OTHER_LDFLAGS = "-ObjC";
				PRODUCT_NAME = "ISHPermissionKitLib+HealthKit";
				PUBLIC_HEADERS_FOLDER_PATH = "include/$(PROJECT_NAME)";
				SKIP_INSTALL = YES;
			};
			name = Debug;
		};
		DC6A468619D7125300B11E88 /* Release */ = {
			isa = XCBuildConfiguration;
			buildSettings = {
				CURRENT_PROJECT_VERSION = "${ISH_BUNDLE_VERSION_SHORT}";
				DYLIB_COMPATIBILITY_VERSION = "${ISH_BUNDLE_VERSION_SHORT}";
				DYLIB_CURRENT_VERSION = "${ISH_BUNDLE_VERSION_SHORT}";
				FRAMEWORK_VERSION = "${ISH_BUNDLE_VERSION_SHORT}";
				GCC_PREPROCESSOR_DEFINITIONS = (
					"$(inherited)",
					ISHPermissionRequestHealthKitEnabled,
				);
				METAL_ENABLE_DEBUG_INFO = NO;
				OTHER_LDFLAGS = "-ObjC";
				PRODUCT_NAME = "ISHPermissionKitLib+HealthKit";
				PUBLIC_HEADERS_FOLDER_PATH = "include/$(PROJECT_NAME)";
				SKIP_INSTALL = YES;
			};
			name = Release;
		};
		DC6A46AF19D712AC00B11E88 /* Debug */ = {
			isa = XCBuildConfiguration;
			buildSettings = {
				CURRENT_PROJECT_VERSION = "${ISH_BUNDLE_VERSION_SHORT}";
				DEFINES_MODULE = YES;
				DYLIB_COMPATIBILITY_VERSION = "${ISH_BUNDLE_VERSION_SHORT}";
				DYLIB_CURRENT_VERSION = "${ISH_BUNDLE_VERSION_SHORT}";
				DYLIB_INSTALL_NAME_BASE = "@rpath";
				FRAMEWORK_VERSION = "${ISH_BUNDLE_VERSION_SHORT}";
				GCC_PREPROCESSOR_DEFINITIONS = (
					"$(inherited)",
					ISHPermissionRequestHealthKitEnabled,
				);
				INFOPLIST_FILE = ISHPermissionKit/Info.plist;
				INSTALL_PATH = "$(LOCAL_LIBRARY_DIR)/Frameworks";
				IPHONEOS_DEPLOYMENT_TARGET = 8.0;
				LD_RUNPATH_SEARCH_PATHS = "$(inherited) @executable_path/Frameworks @loader_path/Frameworks";
				PRODUCT_NAME = ISHPermissionKit;
				SKIP_INSTALL = YES;
			};
			name = Debug;
		};
		DC6A46B019D712AC00B11E88 /* Release */ = {
			isa = XCBuildConfiguration;
			buildSettings = {
				CURRENT_PROJECT_VERSION = "${ISH_BUNDLE_VERSION_SHORT}";
				DEFINES_MODULE = YES;
				DYLIB_COMPATIBILITY_VERSION = "${ISH_BUNDLE_VERSION_SHORT}";
				DYLIB_CURRENT_VERSION = "${ISH_BUNDLE_VERSION_SHORT}";
				DYLIB_INSTALL_NAME_BASE = "@rpath";
				FRAMEWORK_VERSION = "${ISH_BUNDLE_VERSION_SHORT}";
				GCC_PREPROCESSOR_DEFINITIONS = (
					"$(inherited)",
					ISHPermissionRequestHealthKitEnabled,
				);
				INFOPLIST_FILE = ISHPermissionKit/Info.plist;
				INSTALL_PATH = "$(LOCAL_LIBRARY_DIR)/Frameworks";
				IPHONEOS_DEPLOYMENT_TARGET = 8.0;
				LD_RUNPATH_SEARCH_PATHS = "$(inherited) @executable_path/Frameworks @loader_path/Frameworks";
				PRODUCT_NAME = ISHPermissionKit;
				SKIP_INSTALL = YES;
			};
			name = Release;
		};
		DC7790BC19617CD7007CB2BC /* Debug */ = {
			isa = XCBuildConfiguration;
			buildSettings = {
				FRAMEWORK_SEARCH_PATHS = (
					"$(SDKROOT)/Developer/Library/Frameworks",
					"$(inherited)",
				);
				GCC_PREPROCESSOR_DEFINITIONS = (
					"DEBUG=1",
					"$(inherited)",
				);
				INFOPLIST_FILE = ISHPermissionKitLibTests/Info.plist;
				IPHONEOS_DEPLOYMENT_TARGET = 7.0;
				LD_RUNPATH_SEARCH_PATHS = "$(inherited) @executable_path/Frameworks @loader_path/Frameworks";
				METAL_ENABLE_DEBUG_INFO = YES;
				PRODUCT_NAME = "$(TARGET_NAME)";
			};
			name = Debug;
		};
		DC7790BD19617CD7007CB2BC /* Release */ = {
			isa = XCBuildConfiguration;
			buildSettings = {
				FRAMEWORK_SEARCH_PATHS = (
					"$(SDKROOT)/Developer/Library/Frameworks",
					"$(inherited)",
				);
				INFOPLIST_FILE = ISHPermissionKitLibTests/Info.plist;
				IPHONEOS_DEPLOYMENT_TARGET = 7.0;
				LD_RUNPATH_SEARCH_PATHS = "$(inherited) @executable_path/Frameworks @loader_path/Frameworks";
				METAL_ENABLE_DEBUG_INFO = NO;
				PRODUCT_NAME = "$(TARGET_NAME)";
			};
			name = Release;
		};
		DCAEF7DC195C60070074EB5B /* Debug */ = {
			isa = XCBuildConfiguration;
			buildSettings = {
				CURRENT_PROJECT_VERSION = "${ISH_BUNDLE_VERSION_SHORT}";
				DYLIB_COMPATIBILITY_VERSION = "${ISH_BUNDLE_VERSION_SHORT}";
				DYLIB_CURRENT_VERSION = "${ISH_BUNDLE_VERSION_SHORT}";
				FRAMEWORK_VERSION = "${ISH_BUNDLE_VERSION_SHORT}";
				METAL_ENABLE_DEBUG_INFO = YES;
				OTHER_LDFLAGS = "-ObjC";
				PRODUCT_NAME = "$(TARGET_NAME)";
				PUBLIC_HEADERS_FOLDER_PATH = "include/$(PROJECT_NAME)";
				SKIP_INSTALL = YES;
			};
			name = Debug;
		};
		DCAEF7DD195C60070074EB5B /* Release */ = {
			isa = XCBuildConfiguration;
			buildSettings = {
				CURRENT_PROJECT_VERSION = "${ISH_BUNDLE_VERSION_SHORT}";
				DYLIB_COMPATIBILITY_VERSION = "${ISH_BUNDLE_VERSION_SHORT}";
				DYLIB_CURRENT_VERSION = "${ISH_BUNDLE_VERSION_SHORT}";
				FRAMEWORK_VERSION = "${ISH_BUNDLE_VERSION_SHORT}";
				METAL_ENABLE_DEBUG_INFO = NO;
				OTHER_LDFLAGS = "-ObjC";
				PRODUCT_NAME = "$(TARGET_NAME)";
				PUBLIC_HEADERS_FOLDER_PATH = "include/$(PROJECT_NAME)";
				SKIP_INSTALL = YES;
			};
			name = Release;
		};
		DCC1BFB9195B174200362559 /* Debug */ = {
			isa = XCBuildConfiguration;
			buildSettings = {
				ALWAYS_SEARCH_USER_PATHS = NO;
				CLANG_CXX_LANGUAGE_STANDARD = "gnu++0x";
				CLANG_CXX_LIBRARY = "libc++";
				CLANG_ENABLE_MODULES = YES;
				CLANG_ENABLE_OBJC_ARC = YES;
				CLANG_WARN_BOOL_CONVERSION = YES;
				CLANG_WARN_CONSTANT_CONVERSION = YES;
				CLANG_WARN_DIRECT_OBJC_ISA_USAGE = YES_ERROR;
				CLANG_WARN_EMPTY_BODY = YES;
				CLANG_WARN_ENUM_CONVERSION = YES;
				CLANG_WARN_INT_CONVERSION = YES;
				CLANG_WARN_OBJC_ROOT_CLASS = YES_ERROR;
				CLANG_WARN_UNREACHABLE_CODE = YES;
				CLANG_WARN__DUPLICATE_METHOD_MATCH = YES;
				"CODE_SIGN_IDENTITY[sdk=iphoneos*]" = "iPhone Developer";
				COPY_PHASE_STRIP = NO;
				CURRENT_PROJECT_VERSION = 2;
				ENABLE_STRICT_OBJC_MSGSEND = YES;
				GCC_C_LANGUAGE_STANDARD = gnu99;
				GCC_DYNAMIC_NO_PIC = NO;
				GCC_OPTIMIZATION_LEVEL = 0;
				GCC_PREPROCESSOR_DEFINITIONS = (
					"DEBUG=1",
					"$(inherited)",
				);
				GCC_SYMBOLS_PRIVATE_EXTERN = NO;
				GCC_WARN_64_TO_32_BIT_CONVERSION = YES;
				GCC_WARN_ABOUT_RETURN_TYPE = YES_ERROR;
				GCC_WARN_UNDECLARED_SELECTOR = YES;
				GCC_WARN_UNINITIALIZED_AUTOS = YES_AGGRESSIVE;
				GCC_WARN_UNUSED_FUNCTION = YES;
				GCC_WARN_UNUSED_VARIABLE = YES;
				IPHONEOS_DEPLOYMENT_TARGET = 7.0;
				ISH_BUNDLE_VERSION = 0;
				ISH_BUNDLE_VERSION_MAJOR = 0;
				ISH_BUNDLE_VERSION_MINOR = 7;
				ISH_BUNDLE_VERSION_SHORT = "${ISH_BUNDLE_VERSION_MAJOR}.${ISH_BUNDLE_VERSION_MINOR}.${ISH_BUNDLE_VERSION}";
				METAL_ENABLE_DEBUG_INFO = YES;
				ONLY_ACTIVE_ARCH = YES;
				SDKROOT = iphoneos;
				TARGETED_DEVICE_FAMILY = "1,2";
				VERSIONING_SYSTEM = "apple-generic";
				VERSION_INFO_PREFIX = "";
			};
			name = Debug;
		};
		DCC1BFBA195B174200362559 /* Release */ = {
			isa = XCBuildConfiguration;
			buildSettings = {
				ALWAYS_SEARCH_USER_PATHS = NO;
				CLANG_CXX_LANGUAGE_STANDARD = "gnu++0x";
				CLANG_CXX_LIBRARY = "libc++";
				CLANG_ENABLE_MODULES = YES;
				CLANG_ENABLE_OBJC_ARC = YES;
				CLANG_WARN_BOOL_CONVERSION = YES;
				CLANG_WARN_CONSTANT_CONVERSION = YES;
				CLANG_WARN_DIRECT_OBJC_ISA_USAGE = YES_ERROR;
				CLANG_WARN_EMPTY_BODY = YES;
				CLANG_WARN_ENUM_CONVERSION = YES;
				CLANG_WARN_INT_CONVERSION = YES;
				CLANG_WARN_OBJC_ROOT_CLASS = YES_ERROR;
				CLANG_WARN_UNREACHABLE_CODE = YES;
				CLANG_WARN__DUPLICATE_METHOD_MATCH = YES;
				"CODE_SIGN_IDENTITY[sdk=iphoneos*]" = "iPhone Developer";
				COPY_PHASE_STRIP = YES;
				CURRENT_PROJECT_VERSION = 2;
				ENABLE_NS_ASSERTIONS = NO;
				ENABLE_STRICT_OBJC_MSGSEND = YES;
				GCC_C_LANGUAGE_STANDARD = gnu99;
				GCC_WARN_64_TO_32_BIT_CONVERSION = YES;
				GCC_WARN_ABOUT_RETURN_TYPE = YES_ERROR;
				GCC_WARN_UNDECLARED_SELECTOR = YES;
				GCC_WARN_UNINITIALIZED_AUTOS = YES_AGGRESSIVE;
				GCC_WARN_UNUSED_FUNCTION = YES;
				GCC_WARN_UNUSED_VARIABLE = YES;
				IPHONEOS_DEPLOYMENT_TARGET = 7.0;
				ISH_BUNDLE_VERSION = 0;
				ISH_BUNDLE_VERSION_MAJOR = 0;
				ISH_BUNDLE_VERSION_MINOR = 7;
				ISH_BUNDLE_VERSION_SHORT = "${ISH_BUNDLE_VERSION_MAJOR}.${ISH_BUNDLE_VERSION_MINOR}.${ISH_BUNDLE_VERSION}";
				METAL_ENABLE_DEBUG_INFO = NO;
				SDKROOT = iphoneos;
				TARGETED_DEVICE_FAMILY = "1,2";
				VALIDATE_PRODUCT = YES;
				VERSIONING_SYSTEM = "apple-generic";
				VERSION_INFO_PREFIX = "";
			};
			name = Release;
		};
		DCC1BFBC195B174200362559 /* Debug */ = {
			isa = XCBuildConfiguration;
			buildSettings = {
				CURRENT_PROJECT_VERSION = "${ISH_BUNDLE_VERSION_SHORT}";
				DEFINES_MODULE = YES;
				DYLIB_COMPATIBILITY_VERSION = "${ISH_BUNDLE_VERSION_SHORT}";
				DYLIB_CURRENT_VERSION = "${ISH_BUNDLE_VERSION_SHORT}";
				DYLIB_INSTALL_NAME_BASE = "@rpath";
				FRAMEWORK_VERSION = "${ISH_BUNDLE_VERSION_SHORT}";
				INFOPLIST_FILE = ISHPermissionKit/Info.plist;
				INSTALL_PATH = "$(LOCAL_LIBRARY_DIR)/Frameworks";
				IPHONEOS_DEPLOYMENT_TARGET = 8.0;
				LD_RUNPATH_SEARCH_PATHS = "$(inherited) @executable_path/Frameworks @loader_path/Frameworks";
				PRODUCT_NAME = "$(TARGET_NAME)";
				SKIP_INSTALL = YES;
			};
			name = Debug;
		};
		DCC1BFBD195B174200362559 /* Release */ = {
			isa = XCBuildConfiguration;
			buildSettings = {
				CURRENT_PROJECT_VERSION = "${ISH_BUNDLE_VERSION_SHORT}";
				DEFINES_MODULE = YES;
				DYLIB_COMPATIBILITY_VERSION = "${ISH_BUNDLE_VERSION_SHORT}";
				DYLIB_CURRENT_VERSION = "${ISH_BUNDLE_VERSION_SHORT}";
				DYLIB_INSTALL_NAME_BASE = "@rpath";
				FRAMEWORK_VERSION = "${ISH_BUNDLE_VERSION_SHORT}";
				INFOPLIST_FILE = ISHPermissionKit/Info.plist;
				INSTALL_PATH = "$(LOCAL_LIBRARY_DIR)/Frameworks";
				IPHONEOS_DEPLOYMENT_TARGET = 8.0;
				LD_RUNPATH_SEARCH_PATHS = "$(inherited) @executable_path/Frameworks @loader_path/Frameworks";
				PRODUCT_NAME = "$(TARGET_NAME)";
				SKIP_INSTALL = YES;
			};
			name = Release;
		};
		DCC1BFBF195B174200362559 /* Debug */ = {
			isa = XCBuildConfiguration;
			buildSettings = {
				FRAMEWORK_SEARCH_PATHS = (
					"$(SDKROOT)/Developer/Library/Frameworks",
					"$(inherited)",
				);
				GCC_PREPROCESSOR_DEFINITIONS = (
					"DEBUG=1",
					"$(inherited)",
				);
				INFOPLIST_FILE = ISHPermissionKitTests/Info.plist;
				LD_RUNPATH_SEARCH_PATHS = "$(inherited) @executable_path/Frameworks @loader_path/Frameworks";
				METAL_ENABLE_DEBUG_INFO = YES;
				PRODUCT_NAME = "$(TARGET_NAME)";
			};
			name = Debug;
		};
		DCC1BFC0195B174200362559 /* Release */ = {
			isa = XCBuildConfiguration;
			buildSettings = {
				FRAMEWORK_SEARCH_PATHS = (
					"$(SDKROOT)/Developer/Library/Frameworks",
					"$(inherited)",
				);
				INFOPLIST_FILE = ISHPermissionKitTests/Info.plist;
				LD_RUNPATH_SEARCH_PATHS = "$(inherited) @executable_path/Frameworks @loader_path/Frameworks";
				METAL_ENABLE_DEBUG_INFO = NO;
				PRODUCT_NAME = "$(TARGET_NAME)";
			};
			name = Release;
		};
		DCC1BFDD195B176E00362559 /* Debug */ = {
			isa = XCBuildConfiguration;
			buildSettings = {
				ASSETCATALOG_COMPILER_APPICON_NAME = AppIcon;
				ASSETCATALOG_COMPILER_LAUNCHIMAGE_NAME = LaunchImage;
				GCC_PREPROCESSOR_DEFINITIONS = (
					"DEBUG=1",
					"$(inherited)",
				);
				INFOPLIST_FILE = PermissionsTestApp/Info.plist;
				LD_RUNPATH_SEARCH_PATHS = "$(inherited) @executable_path/Frameworks";
				METAL_ENABLE_DEBUG_INFO = YES;
				OTHER_LDFLAGS = "-ObjC";
				PRODUCT_NAME = "$(TARGET_NAME)";
			};
			name = Debug;
		};
		DCC1BFDE195B176E00362559 /* Release */ = {
			isa = XCBuildConfiguration;
			buildSettings = {
				ASSETCATALOG_COMPILER_APPICON_NAME = AppIcon;
				ASSETCATALOG_COMPILER_LAUNCHIMAGE_NAME = LaunchImage;
				INFOPLIST_FILE = PermissionsTestApp/Info.plist;
				LD_RUNPATH_SEARCH_PATHS = "$(inherited) @executable_path/Frameworks";
				METAL_ENABLE_DEBUG_INFO = NO;
				OTHER_LDFLAGS = "-ObjC";
				PRODUCT_NAME = "$(TARGET_NAME)";
			};
			name = Release;
		};
/* End XCBuildConfiguration section */

/* Begin XCConfigurationList section */
		DC6A468419D7125300B11E88 /* Build configuration list for PBXNativeTarget "ISHPermissionKitLib+HealthKit" */ = {
			isa = XCConfigurationList;
			buildConfigurations = (
				DC6A468519D7125300B11E88 /* Debug */,
				DC6A468619D7125300B11E88 /* Release */,
			);
			defaultConfigurationIsVisible = 0;
			defaultConfigurationName = Release;
		};
		DC6A46AE19D712AC00B11E88 /* Build configuration list for PBXNativeTarget "ISHPermissionKit+HealthKit" */ = {
			isa = XCConfigurationList;
			buildConfigurations = (
				DC6A46AF19D712AC00B11E88 /* Debug */,
				DC6A46B019D712AC00B11E88 /* Release */,
			);
			defaultConfigurationIsVisible = 0;
			defaultConfigurationName = Release;
		};
		DC7790BE19617CD7007CB2BC /* Build configuration list for PBXNativeTarget "ISHPermissionKitLibTests" */ = {
			isa = XCConfigurationList;
			buildConfigurations = (
				DC7790BC19617CD7007CB2BC /* Debug */,
				DC7790BD19617CD7007CB2BC /* Release */,
			);
			defaultConfigurationIsVisible = 0;
			defaultConfigurationName = Release;
		};
		DCAEF7DB195C60070074EB5B /* Build configuration list for PBXNativeTarget "ISHPermissionKitLib" */ = {
			isa = XCConfigurationList;
			buildConfigurations = (
				DCAEF7DC195C60070074EB5B /* Debug */,
				DCAEF7DD195C60070074EB5B /* Release */,
			);
			defaultConfigurationIsVisible = 0;
			defaultConfigurationName = Release;
		};
		DCC1BF9F195B174200362559 /* Build configuration list for PBXProject "ISHPermissionKit" */ = {
			isa = XCConfigurationList;
			buildConfigurations = (
				DCC1BFB9195B174200362559 /* Debug */,
				DCC1BFBA195B174200362559 /* Release */,
			);
			defaultConfigurationIsVisible = 0;
			defaultConfigurationName = Release;
		};
		DCC1BFBB195B174200362559 /* Build configuration list for PBXNativeTarget "ISHPermissionKit" */ = {
			isa = XCConfigurationList;
			buildConfigurations = (
				DCC1BFBC195B174200362559 /* Debug */,
				DCC1BFBD195B174200362559 /* Release */,
			);
			defaultConfigurationIsVisible = 0;
			defaultConfigurationName = Release;
		};
		DCC1BFBE195B174200362559 /* Build configuration list for PBXNativeTarget "ISHPermissionKitTests" */ = {
			isa = XCConfigurationList;
			buildConfigurations = (
				DCC1BFBF195B174200362559 /* Debug */,
				DCC1BFC0195B174200362559 /* Release */,
			);
			defaultConfigurationIsVisible = 0;
			defaultConfigurationName = Release;
		};
		DCC1BFDC195B176E00362559 /* Build configuration list for PBXNativeTarget "PermissionsTestApp" */ = {
			isa = XCConfigurationList;
			buildConfigurations = (
				DCC1BFDD195B176E00362559 /* Debug */,
				DCC1BFDE195B176E00362559 /* Release */,
			);
			defaultConfigurationIsVisible = 0;
			defaultConfigurationName = Release;
		};
/* End XCConfigurationList section */
	};
	rootObject = DCC1BF9C195B174200362559 /* Project object */;
}
